// !$*UTF8*$!
{
	archiveVersion = 1;
	classes = {
	};
	objectVersion = 44;
	objects = {

/* Begin PBXBuildFile section */
		1A4641550D27D1AF00C86666 /* Localizable.strings in Resources */ = {isa = PBXBuildFile; fileRef = 1A4641530D27D1AF00C86666 /* Localizable.strings */; };
		1A4641650D27D31C00C86666 /* OOCollectionExtractors.m in Sources */ = {isa = PBXBuildFile; fileRef = 1A4641640D27D31C00C86666 /* OOCollectionExtractors.m */; };
		1A4642870D27F42F00C86666 /* SDL.framework in Frameworks */ = {isa = PBXBuildFile; fileRef = 1A4642860D27F42F00C86666 /* SDL.framework */; };
		1A4642B50D27F4D900C86666 /* OODisplaySDL.m in Sources */ = {isa = PBXBuildFile; fileRef = 1A4642B40D27F4D900C86666 /* OODisplaySDL.m */; };
		1AADFB680D0ADE70008201A9 /* OODisplayMode.m in Sources */ = {isa = PBXBuildFile; fileRef = 1AADFB620D0ADE70008201A9 /* OODisplayMode.m */; };
		1AADFB690D0ADE70008201A9 /* OODisplay.m in Sources */ = {isa = PBXBuildFile; fileRef = 1AADFB650D0ADE70008201A9 /* OODisplay.m */; };
		1AADFB6A0D0ADE70008201A9 /* OODisplayMacOSX.m in Sources */ = {isa = PBXBuildFile; fileRef = 1AADFB670D0ADE70008201A9 /* OODisplayMacOSX.m */; };
		1AADFB890D0ADFB9008201A9 /* TestController.m in Sources */ = {isa = PBXBuildFile; fileRef = 1AADFB880D0ADFB9008201A9 /* TestController.m */; };
		1AADFBA60D0AE4F0008201A9 /* IOKit.framework in Frameworks */ = {isa = PBXBuildFile; fileRef = 1AADFBA50D0AE4F0008201A9 /* IOKit.framework */; };
		1AADFCDA0D0B3E30008201A9 /* OODisplayModeMacOSX.m in Sources */ = {isa = PBXBuildFile; fileRef = 1AADFCD90D0B3E30008201A9 /* OODisplayModeMacOSX.m */; };
		1AD3F5950D280E9D00884B92 /* OODisplayModeSDL.m in Sources */ = {isa = PBXBuildFile; fileRef = 1AD3F5940D280E9D00884B92 /* OODisplayModeSDL.m */; };
		8D11072A0486CEB800E47090 /* MainMenu.nib in Resources */ = {isa = PBXBuildFile; fileRef = 29B97318FDCFA39411CA2CEA /* MainMenu.nib */; };
		8D11072B0486CEB800E47090 /* InfoPlist.strings in Resources */ = {isa = PBXBuildFile; fileRef = 089C165CFE840E0CC02AAC07 /* InfoPlist.strings */; };
		8D11072D0486CEB800E47090 /* main.m in Sources */ = {isa = PBXBuildFile; fileRef = 29B97316FDCFA39411CA2CEA /* main.m */; settings = {ATTRIBUTES = (); }; };
		8D11072F0486CEB800E47090 /* Cocoa.framework in Frameworks */ = {isa = PBXBuildFile; fileRef = 1058C7A1FEA54F0111CA2CBB /* Cocoa.framework */; };
/* End PBXBuildFile section */

/* Begin PBXFileReference section */
		089C165DFE840E0CC02AAC07 /* English */ = {isa = PBXFileReference; fileEncoding = 10; lastKnownFileType = text.plist.strings; name = English; path = English.lproj/InfoPlist.strings; sourceTree = "<group>"; };
		1058C7A1FEA54F0111CA2CBB /* Cocoa.framework */ = {isa = PBXFileReference; lastKnownFileType = wrapper.framework; name = Cocoa.framework; path = /System/Library/Frameworks/Cocoa.framework; sourceTree = "<absolute>"; };
		13E42FB307B3F0F600E4EEF1 /* CoreData.framework */ = {isa = PBXFileReference; lastKnownFileType = wrapper.framework; name = CoreData.framework; path = /System/Library/Frameworks/CoreData.framework; sourceTree = "<absolute>"; };
		1A4641540D27D1AF00C86666 /* English */ = {isa = PBXFileReference; fileEncoding = 10; lastKnownFileType = text.plist.strings; name = English; path = English.lproj/Localizable.strings; sourceTree = "<group>"; };
		1A4641630D27D31C00C86666 /* OOCollectionExtractors.h */ = {isa = PBXFileReference; fileEncoding = 4; lastKnownFileType = sourcecode.c.h; path = OOCollectionExtractors.h; sourceTree = "<group>"; };
		1A4641640D27D31C00C86666 /* OOCollectionExtractors.m */ = {isa = PBXFileReference; fileEncoding = 4; lastKnownFileType = sourcecode.c.objc; path = OOCollectionExtractors.m; sourceTree = "<group>"; };
		1A4642860D27F42F00C86666 /* SDL.framework */ = {isa = PBXFileReference; lastKnownFileType = wrapper.framework; path = SDL.framework; sourceTree = "<group>"; };
		1A4642B30D27F4D900C86666 /* OODisplaySDL.h */ = {isa = PBXFileReference; fileEncoding = 4; lastKnownFileType = sourcecode.c.h; path = OODisplaySDL.h; sourceTree = "<group>"; };
		1A4642B40D27F4D900C86666 /* OODisplaySDL.m */ = {isa = PBXFileReference; fileEncoding = 4; lastKnownFileType = sourcecode.c.objc; path = OODisplaySDL.m; sourceTree = "<group>"; };
		1AADFB620D0ADE70008201A9 /* OODisplayMode.m */ = {isa = PBXFileReference; fileEncoding = 4; lastKnownFileType = sourcecode.c.objc; path = OODisplayMode.m; sourceTree = "<group>"; };
		1AADFB630D0ADE70008201A9 /* OODisplayMode.h */ = {isa = PBXFileReference; fileEncoding = 4; lastKnownFileType = sourcecode.c.h; path = OODisplayMode.h; sourceTree = "<group>"; };
		1AADFB640D0ADE70008201A9 /* OODisplayMacOSX.h */ = {isa = PBXFileReference; fileEncoding = 4; lastKnownFileType = sourcecode.c.h; path = OODisplayMacOSX.h; sourceTree = "<group>"; };
		1AADFB650D0ADE70008201A9 /* OODisplay.m */ = {isa = PBXFileReference; fileEncoding = 4; lastKnownFileType = sourcecode.c.objc; path = OODisplay.m; sourceTree = "<group>"; };
		1AADFB660D0ADE70008201A9 /* OODisplay.h */ = {isa = PBXFileReference; fileEncoding = 4; lastKnownFileType = sourcecode.c.h; path = OODisplay.h; sourceTree = "<group>"; };
		1AADFB670D0ADE70008201A9 /* OODisplayMacOSX.m */ = {isa = PBXFileReference; fileEncoding = 4; lastKnownFileType = sourcecode.c.objc; path = OODisplayMacOSX.m; sourceTree = "<group>"; };
		1AADFB870D0ADFB9008201A9 /* TestController.h */ = {isa = PBXFileReference; fileEncoding = 4; lastKnownFileType = sourcecode.c.h; path = TestController.h; sourceTree = "<group>"; };
		1AADFB880D0ADFB9008201A9 /* TestController.m */ = {isa = PBXFileReference; fileEncoding = 4; lastKnownFileType = sourcecode.c.objc; path = TestController.m; sourceTree = "<group>"; };
		1AADFBA50D0AE4F0008201A9 /* IOKit.framework */ = {isa = PBXFileReference; lastKnownFileType = wrapper.framework; name = IOKit.framework; path = /System/Library/Frameworks/IOKit.framework; sourceTree = "<absolute>"; };
		1AADFCD80D0B3E30008201A9 /* OODisplayModeMacOSX.h */ = {isa = PBXFileReference; fileEncoding = 4; lastKnownFileType = sourcecode.c.h; path = OODisplayModeMacOSX.h; sourceTree = "<group>"; };
		1AADFCD90D0B3E30008201A9 /* OODisplayModeMacOSX.m */ = {isa = PBXFileReference; fileEncoding = 4; lastKnownFileType = sourcecode.c.objc; path = OODisplayModeMacOSX.m; sourceTree = "<group>"; };
		1AD3F5930D280E9D00884B92 /* OODisplayModeSDL.h */ = {isa = PBXFileReference; fileEncoding = 4; lastKnownFileType = sourcecode.c.h; path = OODisplayModeSDL.h; sourceTree = "<group>"; };
		1AD3F5940D280E9D00884B92 /* OODisplayModeSDL.m */ = {isa = PBXFileReference; fileEncoding = 4; lastKnownFileType = sourcecode.c.objc; path = OODisplayModeSDL.m; sourceTree = "<group>"; };
		29B97316FDCFA39411CA2CEA /* main.m */ = {isa = PBXFileReference; fileEncoding = 4; lastKnownFileType = sourcecode.c.objc; path = main.m; sourceTree = "<group>"; };
		29B97319FDCFA39411CA2CEA /* English */ = {isa = PBXFileReference; lastKnownFileType = wrapper.nib; name = English; path = English.lproj/MainMenu.nib; sourceTree = "<group>"; };
		29B97324FDCFA39411CA2CEA /* AppKit.framework */ = {isa = PBXFileReference; lastKnownFileType = wrapper.framework; name = AppKit.framework; path = /System/Library/Frameworks/AppKit.framework; sourceTree = "<absolute>"; };
		29B97325FDCFA39411CA2CEA /* Foundation.framework */ = {isa = PBXFileReference; lastKnownFileType = wrapper.framework; name = Foundation.framework; path = /System/Library/Frameworks/Foundation.framework; sourceTree = "<absolute>"; };
		32CA4F630368D1EE00C91783 /* DisplayTest_Prefix.pch */ = {isa = PBXFileReference; fileEncoding = 4; lastKnownFileType = sourcecode.c.h; path = DisplayTest_Prefix.pch; sourceTree = "<group>"; };
		8D1107310486CEB800E47090 /* Info.plist */ = {isa = PBXFileReference; fileEncoding = 4; lastKnownFileType = text.plist.xml; path = Info.plist; sourceTree = "<group>"; };
		8D1107320486CEB800E47090 /* DisplayTest.app */ = {isa = PBXFileReference; explicitFileType = wrapper.application; includeInIndex = 0; path = DisplayTest.app; sourceTree = BUILT_PRODUCTS_DIR; };
/* End PBXFileReference section */

/* Begin PBXFrameworksBuildPhase section */
		8D11072E0486CEB800E47090 /* Frameworks */ = {
			isa = PBXFrameworksBuildPhase;
			buildActionMask = 2147483647;
			files = (
				8D11072F0486CEB800E47090 /* Cocoa.framework in Frameworks */,
				1AADFBA60D0AE4F0008201A9 /* IOKit.framework in Frameworks */,
				1A4642870D27F42F00C86666 /* SDL.framework in Frameworks */,
			);
			runOnlyForDeploymentPostprocessing = 0;
		};
/* End PBXFrameworksBuildPhase section */

/* Begin PBXGroup section */
		080E96DDFE201D6D7F000001 /* Classes */ = {
			isa = PBXGroup;
			children = (
				1AADFB870D0ADFB9008201A9 /* TestController.h */,
				1AADFB880D0ADFB9008201A9 /* TestController.m */,
				1AADFB5E0D0ADE50008201A9 /* Oolite */,
			);
			name = Classes;
			sourceTree = "<group>";
		};
		1058C7A0FEA54F0111CA2CBB /* Linked Frameworks */ = {
			isa = PBXGroup;
			children = (
				1058C7A1FEA54F0111CA2CBB /* Cocoa.framework */,
			);
			name = "Linked Frameworks";
			sourceTree = "<group>";
		};
		1058C7A2FEA54F0111CA2CBB /* Other Frameworks */ = {
			isa = PBXGroup;
			children = (
				29B97324FDCFA39411CA2CEA /* AppKit.framework */,
				13E42FB307B3F0F600E4EEF1 /* CoreData.framework */,
				29B97325FDCFA39411CA2CEA /* Foundation.framework */,
			);
			name = "Other Frameworks";
			sourceTree = "<group>";
		};
		19C28FACFE9D520D11CA2CBB /* Products */ = {
			isa = PBXGroup;
			children = (
				8D1107320486CEB800E47090 /* DisplayTest.app */,
			);
			name = Products;
			sourceTree = "<group>";
		};
		1AADFB5E0D0ADE50008201A9 /* Oolite */ = {
			isa = PBXGroup;
			children = (
				1AADFB660D0ADE70008201A9 /* OODisplay.h */,
				1AADFB650D0ADE70008201A9 /* OODisplay.m */,
				1AADFB630D0ADE70008201A9 /* OODisplayMode.h */,
				1AADFB620D0ADE70008201A9 /* OODisplayMode.m */,
				1AADFB640D0ADE70008201A9 /* OODisplayMacOSX.h */,
				1AADFB670D0ADE70008201A9 /* OODisplayMacOSX.m */,
				1AADFCD80D0B3E30008201A9 /* OODisplayModeMacOSX.h */,
				1AADFCD90D0B3E30008201A9 /* OODisplayModeMacOSX.m */,
				1A4642B30D27F4D900C86666 /* OODisplaySDL.h */,
				1A4642B40D27F4D900C86666 /* OODisplaySDL.m */,
				1AD3F5930D280E9D00884B92 /* OODisplayModeSDL.h */,
				1AD3F5940D280E9D00884B92 /* OODisplayModeSDL.m */,
				1A4641630D27D31C00C86666 /* OOCollectionExtractors.h */,
				1A4641640D27D31C00C86666 /* OOCollectionExtractors.m */,
			);
			name = Oolite;
			path = ../../src/Core;
			sourceTree = "<group>";
		};
		29B97314FDCFA39411CA2CEA /* DisplayTest */ = {
			isa = PBXGroup;
			children = (
				080E96DDFE201D6D7F000001 /* Classes */,
				29B97315FDCFA39411CA2CEA /* Other Sources */,
				29B97317FDCFA39411CA2CEA /* Resources */,
				29B97323FDCFA39411CA2CEA /* Frameworks */,
				19C28FACFE9D520D11CA2CBB /* Products */,
			);
			name = DisplayTest;
			sourceTree = "<group>";
		};
		29B97315FDCFA39411CA2CEA /* Other Sources */ = {
			isa = PBXGroup;
			children = (
				32CA4F630368D1EE00C91783 /* DisplayTest_Prefix.pch */,
				29B97316FDCFA39411CA2CEA /* main.m */,
			);
			name = "Other Sources";
			sourceTree = "<group>";
		};
		29B97317FDCFA39411CA2CEA /* Resources */ = {
			isa = PBXGroup;
			children = (
				1A4641530D27D1AF00C86666 /* Localizable.strings */,
				8D1107310486CEB800E47090 /* Info.plist */,
				089C165CFE840E0CC02AAC07 /* InfoPlist.strings */,
				29B97318FDCFA39411CA2CEA /* MainMenu.nib */,
			);
			name = Resources;
			sourceTree = "<group>";
		};
		29B97323FDCFA39411CA2CEA /* Frameworks */ = {
			isa = PBXGroup;
			children = (
				1A4642860D27F42F00C86666 /* SDL.framework */,
				1AADFBA50D0AE4F0008201A9 /* IOKit.framework */,
				1058C7A0FEA54F0111CA2CBB /* Linked Frameworks */,
				1058C7A2FEA54F0111CA2CBB /* Other Frameworks */,
			);
			name = Frameworks;
			sourceTree = "<group>";
		};
/* End PBXGroup section */

/* Begin PBXNativeTarget section */
		8D1107260486CEB800E47090 /* DisplayTest */ = {
			isa = PBXNativeTarget;
			buildConfigurationList = C01FCF4A08A954540054247B /* Build configuration list for PBXNativeTarget "DisplayTest" */;
			buildPhases = (
				8D1107290486CEB800E47090 /* Resources */,
				8D11072C0486CEB800E47090 /* Sources */,
				8D11072E0486CEB800E47090 /* Frameworks */,
			);
			buildRules = (
			);
			dependencies = (
			);
			name = DisplayTest;
			productInstallPath = "$(HOME)/Applications";
			productName = DisplayTest;
			productReference = 8D1107320486CEB800E47090 /* DisplayTest.app */;
			productType = "com.apple.product-type.application";
		};
/* End PBXNativeTarget section */

/* Begin PBXProject section */
		29B97313FDCFA39411CA2CEA /* Project object */ = {
			isa = PBXProject;
			buildConfigurationList = C01FCF4E08A954540054247B /* Build configuration list for PBXProject "DisplayTest" */;
			compatibilityVersion = "Xcode 3.0";
			hasScannedForEncodings = 1;
			mainGroup = 29B97314FDCFA39411CA2CEA /* DisplayTest */;
			projectDirPath = "";
			projectRoot = "";
			targets = (
				8D1107260486CEB800E47090 /* DisplayTest */,
			);
		};
/* End PBXProject section */

/* Begin PBXResourcesBuildPhase section */
		8D1107290486CEB800E47090 /* Resources */ = {
			isa = PBXResourcesBuildPhase;
			buildActionMask = 2147483647;
			files = (
				8D11072A0486CEB800E47090 /* MainMenu.nib in Resources */,
				8D11072B0486CEB800E47090 /* InfoPlist.strings in Resources */,
				1A4641550D27D1AF00C86666 /* Localizable.strings in Resources */,
			);
			runOnlyForDeploymentPostprocessing = 0;
		};
/* End PBXResourcesBuildPhase section */

/* Begin PBXSourcesBuildPhase section */
		8D11072C0486CEB800E47090 /* Sources */ = {
			isa = PBXSourcesBuildPhase;
			buildActionMask = 2147483647;
			files = (
				8D11072D0486CEB800E47090 /* main.m in Sources */,
				1AADFB680D0ADE70008201A9 /* OODisplayMode.m in Sources */,
				1AADFB690D0ADE70008201A9 /* OODisplay.m in Sources */,
				1AADFB6A0D0ADE70008201A9 /* OODisplayMacOSX.m in Sources */,
				1AADFB890D0ADFB9008201A9 /* TestController.m in Sources */,
				1AADFCDA0D0B3E30008201A9 /* OODisplayModeMacOSX.m in Sources */,
				1A4641650D27D31C00C86666 /* OOCollectionExtractors.m in Sources */,
				1A4642B50D27F4D900C86666 /* OODisplaySDL.m in Sources */,
				1AD3F5950D280E9D00884B92 /* OODisplayModeSDL.m in Sources */,
			);
			runOnlyForDeploymentPostprocessing = 0;
		};
/* End PBXSourcesBuildPhase section */

/* Begin PBXVariantGroup section */
		089C165CFE840E0CC02AAC07 /* InfoPlist.strings */ = {
			isa = PBXVariantGroup;
			children = (
				089C165DFE840E0CC02AAC07 /* English */,
			);
			name = InfoPlist.strings;
			sourceTree = "<group>";
		};
		1A4641530D27D1AF00C86666 /* Localizable.strings */ = {
			isa = PBXVariantGroup;
			children = (
				1A4641540D27D1AF00C86666 /* English */,
			);
			name = Localizable.strings;
			sourceTree = "<group>";
		};
		29B97318FDCFA39411CA2CEA /* MainMenu.nib */ = {
			isa = PBXVariantGroup;
			children = (
				29B97319FDCFA39411CA2CEA /* English */,
			);
			name = MainMenu.nib;
			sourceTree = "<group>";
		};
/* End PBXVariantGroup section */

/* Begin XCBuildConfiguration section */
		C01FCF4B08A954540054247B /* Debug */ = {
			isa = XCBuildConfiguration;
			buildSettings = {
				COPY_PHASE_STRIP = NO;
				FRAMEWORK_SEARCH_PATHS = (
					"$(inherited)",
					"\"$(SRCROOT)\"",
				);
				GCC_DYNAMIC_NO_PIC = NO;
				GCC_ENABLE_FIX_AND_CONTINUE = YES;
				GCC_MODEL_TUNING = G5;
				GCC_OPTIMIZATION_LEVEL = 0;
				GCC_PRECOMPILE_PREFIX_HEADER = YES;
				GCC_PREFIX_HEADER = DisplayTest_Prefix.pch;
				GCC_PREPROCESSOR_DEFINITIONS_NOT_USED_IN_PRECOMPS = "OOCOLLECTIONEXTRACTORS_SIMPLE=1";
				GCC_TREAT_WARNINGS_AS_ERRORS = YES;
				INFOPLIST_FILE = Info.plist;
				INSTALL_PATH = "$(HOME)/Applications";
				PRODUCT_NAME = DisplayTest;
				WRAPPER_EXTENSION = app;
				ZERO_LINK = YES;
			};
			name = Debug;
		};
		C01FCF4C08A954540054247B /* Release */ = {
			isa = XCBuildConfiguration;
			buildSettings = {
				DEBUG_INFORMATION_FORMAT = "dwarf-with-dsym";
				FRAMEWORK_SEARCH_PATHS = (
					"$(inherited)",
					"\"$(SRCROOT)\"",
				);
				GCC_MODEL_TUNING = G5;
				GCC_PRECOMPILE_PREFIX_HEADER = YES;
				GCC_PREFIX_HEADER = DisplayTest_Prefix.pch;
				GCC_PREPROCESSOR_DEFINITIONS_NOT_USED_IN_PRECOMPS = "OOCOLLECTIONEXTRACTORS_SIMPLE=1";
				GCC_TREAT_WARNINGS_AS_ERRORS = YES;
				INFOPLIST_FILE = Info.plist;
				INSTALL_PATH = "$(HOME)/Applications";
				PRODUCT_NAME = DisplayTest;
				WRAPPER_EXTENSION = app;
			};
			name = Release;
		};
		C01FCF4F08A954540054247B /* Debug */ = {
			isa = XCBuildConfiguration;
			buildSettings = {
				GCC_WARN_ABOUT_RETURN_TYPE = YES;
				GCC_WARN_UNUSED_VARIABLE = YES;
				PREBINDING = NO;
				SDKROOT = "$(DEVELOPER_SDK_DIR)/MacOSX10.5.sdk";
			};
			name = Debug;
		};
		C01FCF5008A954540054247B /* Release */ = {
			isa = XCBuildConfiguration;
			buildSettings = {
				ARCHS = (
					ppc,
					i386,
				);
				GCC_WARN_ABOUT_RETURN_TYPE = YES;
				GCC_WARN_UNUSED_VARIABLE = YES;
				PREBINDING = NO;
				SDKROOT = "$(DEVELOPER_SDK_DIR)/MacOSX10.5.sdk";
			};
			name = Release;
		};
/* End XCBuildConfiguration section */

/* Begin XCConfigurationList section */
		C01FCF4A08A954540054247B /* Build configuration list for PBXNativeTarget "DisplayTest" */ = {
			isa = XCConfigurationList;
			buildConfigurations = (
				C01FCF4B08A954540054247B /* Debug */,
				C01FCF4C08A954540054247B /* Release */,
			);
			defaultConfigurationIsVisible = 0;
			defaultConfigurationName = Release;
		};
		C01FCF4E08A954540054247B /* Build configuration list for PBXProject "DisplayTest" */ = {
			isa = XCConfigurationList;
			buildConfigurations = (
				C01FCF4F08A954540054247B /* Debug */,
				C01FCF5008A954540054247B /* Release */,
			);
			defaultConfigurationIsVisible = 0;
			defaultConfigurationName = Release;
		};
/* End XCConfigurationList section */
	};
	rootObject = 29B97313FDCFA39411CA2CEA /* Project object */;
}
