// !$*UTF8*$!
{
	archiveVersion = 1;
	classes = {
	};
	objectVersion = 42;
	objects = {

/* Begin PBXBuildFile section */
		1A0255340C7E1BF000F622D4 /* debugLogMessageClassesMenu.plist in Copy Files to Config */ = {isa = PBXBuildFile; fileRef = 1A0255330C7E1BF000F622D4 /* debugLogMessageClassesMenu.plist */; };
		1A02553C0C7E1C3400F622D4 /* DebugOXPLocatorBeacon.magic in Copy Files to Wrapper */ = {isa = PBXBuildFile; fileRef = 1A02553B0C7E1C3300F622D4 /* DebugOXPLocatorBeacon.magic */; };
		1A0256260C7F0D7100F622D4 /* OOJavaScriptConsoleController.m in Sources */ = {isa = PBXBuildFile; fileRef = 1A0256240C7F0D7100F622D4 /* OOJavaScriptConsoleController.m */; };
		1A02587D0C7F36CD00F622D4 /* OODebugUtilities.m in Sources */ = {isa = PBXBuildFile; fileRef = 1A02587B0C7F36CD00F622D4 /* OODebugUtilities.m */; };
		1A0518D30C7CC69600BA5CCA /* OODebugController.m in Sources */ = {isa = PBXBuildFile; fileRef = 1A0518D20C7CC69600BA5CCA /* OODebugController.m */; };
		1A0CF1B10D89FD7700E0B568 /* OOAIDebugInspectorModule.h in Headers */ = {isa = PBXBuildFile; fileRef = 1A0CF1AF0D89FD7700E0B568 /* OOAIDebugInspectorModule.h */; };
		1A0CF1B20D89FD7700E0B568 /* OOAIDebugInspectorModule.m in Sources */ = {isa = PBXBuildFile; fileRef = 1A0CF1B00D89FD7700E0B568 /* OOAIDebugInspectorModule.m */; };
		1A0CF1B70D89FD9A00E0B568 /* OOAIDebugInspectorModule.xib in Resources */ = {isa = PBXBuildFile; fileRef = 1A0CF1B50D89FD9A00E0B568 /* OOAIDebugInspectorModule.xib */; };
		1A0CF2000D8A083900E0B568 /* OODebugController.xib in Resources */ = {isa = PBXBuildFile; fileRef = 1A0CF1FE0D8A083900E0B568 /* OODebugController.xib */; };
		1A2DA4390CB788DB00DE6823 /* debugConfig.plist in Copy Files to Config */ = {isa = PBXBuildFile; fileRef = 1A2DA4380CB788DB00DE6823 /* debugConfig.plist */; };
		1A2DFAF50D8925CB0055CF71 /* OOEntityDebugInspectorModule.xib in Resources */ = {isa = PBXBuildFile; fileRef = 1A2DFAF30D8925CB0055CF71 /* OOEntityDebugInspectorModule.xib */; };
		1A2DFAFA0D8925F70055CF71 /* OODebugInspectorModule.h in Headers */ = {isa = PBXBuildFile; fileRef = 1A2DFAF80D8925F70055CF71 /* OODebugInspectorModule.h */; };
		1A2DFAFB0D8925F70055CF71 /* OODebugInspectorModule.m in Sources */ = {isa = PBXBuildFile; fileRef = 1A2DFAF90D8925F70055CF71 /* OODebugInspectorModule.m */; };
		1A2DFAFE0D89262E0055CF71 /* OOEntityDebugInspectorModule.h in Headers */ = {isa = PBXBuildFile; fileRef = 1A2DFAFC0D89262E0055CF71 /* OOEntityDebugInspectorModule.h */; };
		1A2DFAFF0D89262E0055CF71 /* OOEntityDebugInspectorModule.m in Sources */ = {isa = PBXBuildFile; fileRef = 1A2DFAFD0D89262E0055CF71 /* OOEntityDebugInspectorModule.m */; };
		1A2DFB0A0D8927B20055CF71 /* OOObjectDebugInspectorModule.h in Headers */ = {isa = PBXBuildFile; fileRef = 1A2DFB080D8927B20055CF71 /* OOObjectDebugInspectorModule.h */; };
		1A2DFB0B0D8927B20055CF71 /* OOObjectDebugInspectorModule.m in Sources */ = {isa = PBXBuildFile; fileRef = 1A2DFB090D8927B20055CF71 /* OOObjectDebugInspectorModule.m */; };
		1A2DFB0F0D8927F00055CF71 /* OOObjectDebugInspectorModule.xib in Resources */ = {isa = PBXBuildFile; fileRef = 1A2DFB0D0D8927F00055CF71 /* OOObjectDebugInspectorModule.xib */; };
		1A2DFBC80D894A100055CF71 /* OOShipDebugInspectorModule.xib in Resources */ = {isa = PBXBuildFile; fileRef = 1A2DFBC60D894A100055CF71 /* OOShipDebugInspectorModule.xib */; };
		1A2DFBCB0D894A1D0055CF71 /* OOShipDebugInspectorModule.h in Headers */ = {isa = PBXBuildFile; fileRef = 1A2DFBC90D894A1D0055CF71 /* OOShipDebugInspectorModule.h */; };
		1A2DFBCC0D894A1D0055CF71 /* OOShipDebugInspectorModule.m in Sources */ = {isa = PBXBuildFile; fileRef = 1A2DFBCA0D894A1D0055CF71 /* OOShipDebugInspectorModule.m */; };
		1A47F7020D6729F100E0A585 /* oolite-debug-console.js in Copy Files to Scripts */ = {isa = PBXBuildFile; fileRef = 1A47F7010D6729F100E0A585 /* oolite-debug-console.js */; };
		1A4D0DE50C90A68900A6FBDB /* OOMacDebugger.h in Headers */ = {isa = PBXBuildFile; fileRef = 1A4D0DE30C90A68900A6FBDB /* OOMacDebugger.h */; };
		1A4D0DE60C90A68900A6FBDB /* OOMacDebugger.m in Sources */ = {isa = PBXBuildFile; fileRef = 1A4D0DE40C90A68900A6FBDB /* OOMacDebugger.m */; };
		1A4FB2FF0C8DB89E00DC8E1F /* jspubtd.h in Headers */ = {isa = PBXBuildFile; fileRef = 1A4FB2FC0C8DB89E00DC8E1F /* jspubtd.h */; };
		1A4FB3000C8DB89E00DC8E1F /* jstypes.h in Headers */ = {isa = PBXBuildFile; fileRef = 1A4FB2FD0C8DB89E00DC8E1F /* jstypes.h */; };
		1A4FB3010C8DB89E00DC8E1F /* jsapi.h in Headers */ = {isa = PBXBuildFile; fileRef = 1A4FB2FE0C8DB89E00DC8E1F /* jsapi.h */; };
		1A4FB3030C8DB8AA00DC8E1F /* jsautocfg.h in Headers */ = {isa = PBXBuildFile; fileRef = 1A4FB3020C8DB8AA00DC8E1F /* jsautocfg.h */; };
		1A572FFD0D84BB77003D4A26 /* OODebugInspector.h in Headers */ = {isa = PBXBuildFile; fileRef = 1A572FFB0D84BB77003D4A26 /* OODebugInspector.h */; };
		1A572FFE0D84BB77003D4A26 /* OODebugInspector.m in Sources */ = {isa = PBXBuildFile; fileRef = 1A572FFC0D84BB77003D4A26 /* OODebugInspector.m */; };
		1A5730020D84BFBF003D4A26 /* OODebugInspector.xib in Resources */ = {isa = PBXBuildFile; fileRef = 1A5730000D84BFBF003D4A26 /* OODebugInspector.xib */; };
		1A57300E0D84C10F003D4A26 /* OOEntityInspectorExtensions.h in Headers */ = {isa = PBXBuildFile; fileRef = 1A57300C0D84C10F003D4A26 /* OOEntityInspectorExtensions.h */; };
		1A57300F0D84C10F003D4A26 /* OOEntityInspectorExtensions.m in Sources */ = {isa = PBXBuildFile; fileRef = 1A57300D0D84C10F003D4A26 /* OOEntityInspectorExtensions.m */; };
		1A5730A10D84D0C3003D4A26 /* Localizable.strings in Resources */ = {isa = PBXBuildFile; fileRef = 1A57309F0D84D0C3003D4A26 /* Localizable.strings */; };
		1A909C880F3C6BBB003AE160 /* OOShipGroupDebugInspectorModule.h in Headers */ = {isa = PBXBuildFile; fileRef = 1A909C860F3C6BBB003AE160 /* OOShipGroupDebugInspectorModule.h */; };
		1A909C890F3C6BBB003AE160 /* OOShipGroupDebugInspectorModule.m in Sources */ = {isa = PBXBuildFile; fileRef = 1A909C870F3C6BBB003AE160 /* OOShipGroupDebugInspectorModule.m */; };
		1A909C940F3C6DCA003AE160 /* OOShipGroupDebugInspectorModule.xib in Resources */ = {isa = PBXBuildFile; fileRef = 1A909C920F3C6DCA003AE160 /* OOShipGroupDebugInspectorModule.xib */; };
		1AD26BF90C8434AB00B4BFD1 /* OOTextFieldHistoryManager.h in Headers */ = {isa = PBXBuildFile; fileRef = 1AD26BF70C8434AB00B4BFD1 /* OOTextFieldHistoryManager.h */; };
		1AD26BFA0C8434AB00B4BFD1 /* OOTextFieldHistoryManager.m in Sources */ = {isa = PBXBuildFile; fileRef = 1AD26BF80C8434AB00B4BFD1 /* OOTextFieldHistoryManager.m */; };
		1AF024720C99931C006F7275 /* RBSplitSubview.h in Headers */ = {isa = PBXBuildFile; fileRef = 1AF0246D0C99931C006F7275 /* RBSplitSubview.h */; };
		1AF024730C99931C006F7275 /* RBSplitSubview.m in Sources */ = {isa = PBXBuildFile; fileRef = 1AF0246E0C99931C006F7275 /* RBSplitSubview.m */; };
		1AF024740C99931C006F7275 /* RBSplitView.h in Headers */ = {isa = PBXBuildFile; fileRef = 1AF0246F0C99931C006F7275 /* RBSplitView.h */; };
		1AF024750C99931C006F7275 /* RBSplitView.m in Sources */ = {isa = PBXBuildFile; fileRef = 1AF024700C99931C006F7275 /* RBSplitView.m */; settings = {COMPILER_FLAGS = "-Wno-extra"; }; };
		1AF024760C99931C006F7275 /* RBSplitViewPrivateDefines.h in Headers */ = {isa = PBXBuildFile; fileRef = 1AF024710C99931C006F7275 /* RBSplitViewPrivateDefines.h */; };
		2B8CD64C103846C7002354EE /* OODebugUtilities.h in Headers */ = {isa = PBXBuildFile; fileRef = 1A02587A0C7F36CD00F622D4 /* OODebugUtilities.h */; };
		2B8CD64D103846CC002354EE /* OODebugController.h in Headers */ = {isa = PBXBuildFile; fileRef = 1A0518D10C7CC69600BA5CCA /* OODebugController.h */; };
		2B8CD64E103846D3002354EE /* OOJavaScriptConsoleController.h in Headers */ = {isa = PBXBuildFile; fileRef = 1A0256230C7F0D7100F622D4 /* OOJavaScriptConsoleController.h */; };
		2B8FD8FD1035FC9C00397E7B /* FScript.framework in Frameworks */ = {isa = PBXBuildFile; fileRef = 2B8FD8FC1035FC9C00397E7B /* FScript.framework */; };
		8D5B49B4048680CD000E48DA /* Cocoa.framework in Frameworks */ = {isa = PBXBuildFile; fileRef = 1058C7ADFEA557BF11CA2CBB /* Cocoa.framework */; };
/* End PBXBuildFile section */

/* Begin PBXCopyFilesBuildPhase section */
		1A02553E0C7E1C5300F622D4 /* Copy Files to Wrapper */ = {
			isa = PBXCopyFilesBuildPhase;
			buildActionMask = 2147483647;
			dstPath = "";
			dstSubfolderSpec = 1;
			files = (
				1A02553C0C7E1C3400F622D4 /* DebugOXPLocatorBeacon.magic in Copy Files to Wrapper */,
			);
			name = "Copy Files to Wrapper";
			runOnlyForDeploymentPostprocessing = 0;
		};
		1A0259F00C7F8D2900F622D4 /* Copy Frameworks */ = {
			isa = PBXCopyFilesBuildPhase;
			buildActionMask = 2147483647;
			dstPath = "";
			dstSubfolderSpec = 10;
			files = (
			);
			name = "Copy Frameworks";
			runOnlyForDeploymentPostprocessing = 0;
		};
		1A025A030C7F8D5B00F622D4 /* Copy Files to Config */ = {
			isa = PBXCopyFilesBuildPhase;
			buildActionMask = 2147483647;
			dstPath = Config;
			dstSubfolderSpec = 1;
			files = (
				1A2DA4390CB788DB00DE6823 /* debugConfig.plist in Copy Files to Config */,
				1A0255340C7E1BF000F622D4 /* debugLogMessageClassesMenu.plist in Copy Files to Config */,
			);
			name = "Copy Files to Config";
			runOnlyForDeploymentPostprocessing = 0;
		};
		1A9590840C80539A00C112A9 /* Copy Files to Scripts */ = {
			isa = PBXCopyFilesBuildPhase;
			buildActionMask = 2147483647;
			dstPath = Scripts;
			dstSubfolderSpec = 1;
			files = (
				1A47F7020D6729F100E0A585 /* oolite-debug-console.js in Copy Files to Scripts */,
			);
			name = "Copy Files to Scripts";
			runOnlyForDeploymentPostprocessing = 0;
		};
/* End PBXCopyFilesBuildPhase section */

/* Begin PBXFileReference section */
		089C1672FE841209C02AAC07 /* Foundation.framework */ = {isa = PBXFileReference; lastKnownFileType = wrapper.framework; name = Foundation.framework; path = /System/Library/Frameworks/Foundation.framework; sourceTree = "<absolute>"; };
		089C167FFE841241C02AAC07 /* AppKit.framework */ = {isa = PBXFileReference; lastKnownFileType = wrapper.framework; name = AppKit.framework; path = /System/Library/Frameworks/AppKit.framework; sourceTree = "<absolute>"; };
		1058C7ADFEA557BF11CA2CBB /* Cocoa.framework */ = {isa = PBXFileReference; lastKnownFileType = wrapper.framework; name = Cocoa.framework; path = /System/Library/Frameworks/Cocoa.framework; sourceTree = "<absolute>"; };
		1A0255330C7E1BF000F622D4 /* debugLogMessageClassesMenu.plist */ = {isa = PBXFileReference; fileEncoding = 4; lastKnownFileType = text.plist; path = debugLogMessageClassesMenu.plist; sourceTree = "<group>"; };
		1A02553B0C7E1C3300F622D4 /* DebugOXPLocatorBeacon.magic */ = {isa = PBXFileReference; fileEncoding = 4; lastKnownFileType = text; path = DebugOXPLocatorBeacon.magic; sourceTree = "<group>"; };
		1A0256230C7F0D7100F622D4 /* OOJavaScriptConsoleController.h */ = {isa = PBXFileReference; fileEncoding = 4; lastKnownFileType = sourcecode.c.h; path = OOJavaScriptConsoleController.h; sourceTree = "<group>"; };
		1A0256240C7F0D7100F622D4 /* OOJavaScriptConsoleController.m */ = {isa = PBXFileReference; fileEncoding = 4; lastKnownFileType = sourcecode.c.objc; path = OOJavaScriptConsoleController.m; sourceTree = "<group>"; };
		1A02587A0C7F36CD00F622D4 /* OODebugUtilities.h */ = {isa = PBXFileReference; fileEncoding = 4; lastKnownFileType = sourcecode.c.h; path = OODebugUtilities.h; sourceTree = "<group>"; };
		1A02587B0C7F36CD00F622D4 /* OODebugUtilities.m */ = {isa = PBXFileReference; fileEncoding = 4; lastKnownFileType = sourcecode.c.objc; path = OODebugUtilities.m; sourceTree = "<group>"; };
		1A0518D10C7CC69600BA5CCA /* OODebugController.h */ = {isa = PBXFileReference; fileEncoding = 4; lastKnownFileType = sourcecode.c.h; path = OODebugController.h; sourceTree = "<group>"; };
		1A0518D20C7CC69600BA5CCA /* OODebugController.m */ = {isa = PBXFileReference; fileEncoding = 4; lastKnownFileType = sourcecode.c.objc; path = OODebugController.m; sourceTree = "<group>"; };
		1A0CF1AF0D89FD7700E0B568 /* OOAIDebugInspectorModule.h */ = {isa = PBXFileReference; fileEncoding = 4; lastKnownFileType = sourcecode.c.h; path = OOAIDebugInspectorModule.h; sourceTree = "<group>"; };
		1A0CF1B00D89FD7700E0B568 /* OOAIDebugInspectorModule.m */ = {isa = PBXFileReference; fileEncoding = 4; lastKnownFileType = sourcecode.c.objc; path = OOAIDebugInspectorModule.m; sourceTree = "<group>"; };
		1A0CF1B60D89FD9A00E0B568 /* English */ = {isa = PBXFileReference; lastKnownFileType = file.xib; name = English; path = English.lproj/OOAIDebugInspectorModule.xib; sourceTree = "<group>"; };
		1A0CF1FF0D8A083900E0B568 /* English */ = {isa = PBXFileReference; lastKnownFileType = file.xib; name = English; path = English.lproj/OODebugController.xib; sourceTree = "<group>"; };
		1A2DA4380CB788DB00DE6823 /* debugConfig.plist */ = {isa = PBXFileReference; fileEncoding = 4; lastKnownFileType = text.plist; path = debugConfig.plist; sourceTree = "<group>"; };
		1A2DFAF40D8925CB0055CF71 /* English */ = {isa = PBXFileReference; lastKnownFileType = file.xib; name = English; path = English.lproj/OOEntityDebugInspectorModule.xib; sourceTree = "<group>"; };
		1A2DFAF80D8925F70055CF71 /* OODebugInspectorModule.h */ = {isa = PBXFileReference; fileEncoding = 4; lastKnownFileType = sourcecode.c.h; path = OODebugInspectorModule.h; sourceTree = "<group>"; };
		1A2DFAF90D8925F70055CF71 /* OODebugInspectorModule.m */ = {isa = PBXFileReference; fileEncoding = 4; lastKnownFileType = sourcecode.c.objc; path = OODebugInspectorModule.m; sourceTree = "<group>"; };
		1A2DFAFC0D89262E0055CF71 /* OOEntityDebugInspectorModule.h */ = {isa = PBXFileReference; fileEncoding = 4; lastKnownFileType = sourcecode.c.h; path = OOEntityDebugInspectorModule.h; sourceTree = "<group>"; };
		1A2DFAFD0D89262E0055CF71 /* OOEntityDebugInspectorModule.m */ = {isa = PBXFileReference; fileEncoding = 4; lastKnownFileType = sourcecode.c.objc; path = OOEntityDebugInspectorModule.m; sourceTree = "<group>"; };
		1A2DFB080D8927B20055CF71 /* OOObjectDebugInspectorModule.h */ = {isa = PBXFileReference; fileEncoding = 4; lastKnownFileType = sourcecode.c.h; path = OOObjectDebugInspectorModule.h; sourceTree = "<group>"; };
		1A2DFB090D8927B20055CF71 /* OOObjectDebugInspectorModule.m */ = {isa = PBXFileReference; fileEncoding = 4; lastKnownFileType = sourcecode.c.objc; path = OOObjectDebugInspectorModule.m; sourceTree = "<group>"; };
		1A2DFB0E0D8927F00055CF71 /* English */ = {isa = PBXFileReference; lastKnownFileType = file.xib; name = English; path = English.lproj/OOObjectDebugInspectorModule.xib; sourceTree = "<group>"; };
		1A2DFBC70D894A100055CF71 /* English */ = {isa = PBXFileReference; lastKnownFileType = file.xib; name = English; path = English.lproj/OOShipDebugInspectorModule.xib; sourceTree = "<group>"; };
		1A2DFBC90D894A1D0055CF71 /* OOShipDebugInspectorModule.h */ = {isa = PBXFileReference; fileEncoding = 4; lastKnownFileType = sourcecode.c.h; path = OOShipDebugInspectorModule.h; sourceTree = "<group>"; };
		1A2DFBCA0D894A1D0055CF71 /* OOShipDebugInspectorModule.m */ = {isa = PBXFileReference; fileEncoding = 4; lastKnownFileType = sourcecode.c.objc; path = OOShipDebugInspectorModule.m; sourceTree = "<group>"; };
		1A47F7010D6729F100E0A585 /* oolite-debug-console.js */ = {isa = PBXFileReference; fileEncoding = 4; lastKnownFileType = sourcecode.javascript; path = "oolite-debug-console.js"; sourceTree = "<group>"; };
		1A4D0DE30C90A68900A6FBDB /* OOMacDebugger.h */ = {isa = PBXFileReference; fileEncoding = 4; lastKnownFileType = sourcecode.c.h; path = OOMacDebugger.h; sourceTree = "<group>"; };
		1A4D0DE40C90A68900A6FBDB /* OOMacDebugger.m */ = {isa = PBXFileReference; fileEncoding = 4; lastKnownFileType = sourcecode.c.objc; path = OOMacDebugger.m; sourceTree = "<group>"; };
		1A4FB2FC0C8DB89E00DC8E1F /* jspubtd.h */ = {isa = PBXFileReference; fileEncoding = 4; lastKnownFileType = sourcecode.c.h; name = jspubtd.h; path = src/jspubtd.h; sourceTree = "<group>"; };
		1A4FB2FD0C8DB89E00DC8E1F /* jstypes.h */ = {isa = PBXFileReference; fileEncoding = 4; lastKnownFileType = sourcecode.c.h; name = jstypes.h; path = src/jstypes.h; sourceTree = "<group>"; };
		1A4FB2FE0C8DB89E00DC8E1F /* jsapi.h */ = {isa = PBXFileReference; fileEncoding = 4; lastKnownFileType = sourcecode.c.h; name = jsapi.h; path = src/jsapi.h; sourceTree = "<group>"; };
		1A4FB3020C8DB8AA00DC8E1F /* jsautocfg.h */ = {isa = PBXFileReference; fileEncoding = 4; lastKnownFileType = sourcecode.c.h; name = jsautocfg.h; path = xcode/jsautocfg.h; sourceTree = "<group>"; };
		1A572FFB0D84BB77003D4A26 /* OODebugInspector.h */ = {isa = PBXFileReference; fileEncoding = 4; lastKnownFileType = sourcecode.c.h; path = OODebugInspector.h; sourceTree = "<group>"; };
		1A572FFC0D84BB77003D4A26 /* OODebugInspector.m */ = {isa = PBXFileReference; fileEncoding = 4; lastKnownFileType = sourcecode.c.objc; path = OODebugInspector.m; sourceTree = "<group>"; };
		1A5730010D84BFBF003D4A26 /* English */ = {isa = PBXFileReference; lastKnownFileType = file.xib; name = English; path = English.lproj/OODebugInspector.xib; sourceTree = "<group>"; };
		1A57300C0D84C10F003D4A26 /* OOEntityInspectorExtensions.h */ = {isa = PBXFileReference; fileEncoding = 4; lastKnownFileType = sourcecode.c.h; path = OOEntityInspectorExtensions.h; sourceTree = "<group>"; };
		1A57300D0D84C10F003D4A26 /* OOEntityInspectorExtensions.m */ = {isa = PBXFileReference; fileEncoding = 4; lastKnownFileType = sourcecode.c.objc; path = OOEntityInspectorExtensions.m; sourceTree = "<group>"; };
		1A5730A00D84D0C3003D4A26 /* English */ = {isa = PBXFileReference; explicitFileType = text.plist; fileEncoding = 10; name = English; path = English.lproj/Localizable.strings; sourceTree = "<group>"; };
		1A846BAB0D79F9680081280D /* oolite-version.xcconfig */ = {isa = PBXFileReference; fileEncoding = 4; lastKnownFileType = text.xcconfig; name = "oolite-version.xcconfig"; path = "../src/Cocoa/oolite-version.xcconfig"; sourceTree = SOURCE_ROOT; };
		1A909C860F3C6BBB003AE160 /* OOShipGroupDebugInspectorModule.h */ = {isa = PBXFileReference; fileEncoding = 4; lastKnownFileType = sourcecode.c.h; path = OOShipGroupDebugInspectorModule.h; sourceTree = "<group>"; };
		1A909C870F3C6BBB003AE160 /* OOShipGroupDebugInspectorModule.m */ = {isa = PBXFileReference; fileEncoding = 4; lastKnownFileType = sourcecode.c.objc; path = OOShipGroupDebugInspectorModule.m; sourceTree = "<group>"; };
		1A909C930F3C6DCA003AE160 /* English */ = {isa = PBXFileReference; lastKnownFileType = file.xib; name = English; path = English.lproj/OOShipGroupDebugInspectorModule.xib; sourceTree = "<group>"; };
		1AD26BF70C8434AB00B4BFD1 /* OOTextFieldHistoryManager.h */ = {isa = PBXFileReference; fileEncoding = 4; lastKnownFileType = sourcecode.c.h; path = OOTextFieldHistoryManager.h; sourceTree = "<group>"; };
		1AD26BF80C8434AB00B4BFD1 /* OOTextFieldHistoryManager.m */ = {isa = PBXFileReference; fileEncoding = 4; lastKnownFileType = sourcecode.c.objc; path = OOTextFieldHistoryManager.m; sourceTree = "<group>"; };
		1AF0246D0C99931C006F7275 /* RBSplitSubview.h */ = {isa = PBXFileReference; fileEncoding = 4; lastKnownFileType = sourcecode.c.h; path = RBSplitSubview.h; sourceTree = "<group>"; };
		1AF0246E0C99931C006F7275 /* RBSplitSubview.m */ = {isa = PBXFileReference; fileEncoding = 4; lastKnownFileType = sourcecode.c.objc; path = RBSplitSubview.m; sourceTree = "<group>"; };
		1AF0246F0C99931C006F7275 /* RBSplitView.h */ = {isa = PBXFileReference; fileEncoding = 4; lastKnownFileType = sourcecode.c.h; path = RBSplitView.h; sourceTree = "<group>"; };
		1AF024700C99931C006F7275 /* RBSplitView.m */ = {isa = PBXFileReference; fileEncoding = 4; lastKnownFileType = sourcecode.c.objc; path = RBSplitView.m; sourceTree = "<group>"; };
		1AF024710C99931C006F7275 /* RBSplitViewPrivateDefines.h */ = {isa = PBXFileReference; fileEncoding = 4; lastKnownFileType = sourcecode.c.h; path = RBSplitViewPrivateDefines.h; sourceTree = "<group>"; };
		2B8FD8FC1035FC9C00397E7B /* FScript.framework */ = {isa = PBXFileReference; lastKnownFileType = wrapper.framework; name = FScript.framework; path = /Library/Frameworks/FScript.framework; sourceTree = "<absolute>"; };
		8D5B49B6048680CD000E48DA /* Debug.oxp */ = {isa = PBXFileReference; explicitFileType = wrapper.cfbundle; includeInIndex = 0; path = Debug.oxp; sourceTree = BUILT_PRODUCTS_DIR; };
		8D5B49B7048680CD000E48DA /* Info.plist */ = {isa = PBXFileReference; fileEncoding = 4; lastKnownFileType = text.plist.xml; path = Info.plist; sourceTree = "<group>"; };
		D2F7E65807B2D6F200F64583 /* CoreData.framework */ = {isa = PBXFileReference; lastKnownFileType = wrapper.framework; name = CoreData.framework; path = /System/Library/Frameworks/CoreData.framework; sourceTree = "<absolute>"; };
/* End PBXFileReference section */

/* Begin PBXFrameworksBuildPhase section */
		8D5B49B3048680CD000E48DA /* Frameworks */ = {
			isa = PBXFrameworksBuildPhase;
			buildActionMask = 2147483647;
			files = (
				8D5B49B4048680CD000E48DA /* Cocoa.framework in Frameworks */,
				2B8FD8FD1035FC9C00397E7B /* FScript.framework in Frameworks */,
			);
			runOnlyForDeploymentPostprocessing = 0;
		};
/* End PBXFrameworksBuildPhase section */

/* Begin PBXGroup section */
		089C166AFE841209C02AAC07 /* DebugOXP */ = {
			isa = PBXGroup;
			children = (
				1A846BAB0D79F9680081280D /* oolite-version.xcconfig */,
				1A0518D00C7CC69600BA5CCA /* Source */,
				1A4FB2F70C8DB87100DC8E1F /* SpiderMonkey headers */,
				089C167CFE841241C02AAC07 /* Resources */,
				089C1671FE841209C02AAC07 /* Frameworks and Libraries */,
				19C28FB8FE9D52D311CA2CBB /* Products */,
			);
			name = DebugOXP;
			sourceTree = "<group>";
		};
		089C1671FE841209C02AAC07 /* Frameworks and Libraries */ = {
			isa = PBXGroup;
			children = (
				1058C7ACFEA557BF11CA2CBB /* Linked Frameworks */,
				1058C7AEFEA557BF11CA2CBB /* Other Frameworks */,
			);
			name = "Frameworks and Libraries";
			sourceTree = "<group>";
		};
		089C167CFE841241C02AAC07 /* Resources */ = {
			isa = PBXGroup;
			children = (
				1A57309F0D84D0C3003D4A26 /* Localizable.strings */,
				1A47F7010D6729F100E0A585 /* oolite-debug-console.js */,
				1A0CF1FE0D8A083900E0B568 /* OODebugController.xib */,
				1A5730000D84BFBF003D4A26 /* OODebugInspector.xib */,
				1A2DFB0D0D8927F00055CF71 /* OOObjectDebugInspectorModule.xib */,
				1A2DFAF30D8925CB0055CF71 /* OOEntityDebugInspectorModule.xib */,
				1A2DFBC60D894A100055CF71 /* OOShipDebugInspectorModule.xib */,
				1A0CF1B50D89FD9A00E0B568 /* OOAIDebugInspectorModule.xib */,
				1A909C920F3C6DCA003AE160 /* OOShipGroupDebugInspectorModule.xib */,
				8D5B49B7048680CD000E48DA /* Info.plist */,
				1A0255330C7E1BF000F622D4 /* debugLogMessageClassesMenu.plist */,
				1A2DA4380CB788DB00DE6823 /* debugConfig.plist */,
				1A02553B0C7E1C3300F622D4 /* DebugOXPLocatorBeacon.magic */,
			);
			path = Resources;
			sourceTree = "<group>";
		};
		1058C7ACFEA557BF11CA2CBB /* Linked Frameworks */ = {
			isa = PBXGroup;
			children = (
				1058C7ADFEA557BF11CA2CBB /* Cocoa.framework */,
			);
			name = "Linked Frameworks";
			sourceTree = "<group>";
		};
		1058C7AEFEA557BF11CA2CBB /* Other Frameworks */ = {
			isa = PBXGroup;
			children = (
				2B8FD8FC1035FC9C00397E7B /* FScript.framework */,
				089C167FFE841241C02AAC07 /* AppKit.framework */,
				D2F7E65807B2D6F200F64583 /* CoreData.framework */,
				089C1672FE841209C02AAC07 /* Foundation.framework */,
			);
			name = "Other Frameworks";
			sourceTree = "<group>";
		};
		19C28FB8FE9D52D311CA2CBB /* Products */ = {
			isa = PBXGroup;
			children = (
				8D5B49B6048680CD000E48DA /* Debug.oxp */,
			);
			name = Products;
			sourceTree = "<group>";
		};
		1A0518D00C7CC69600BA5CCA /* Source */ = {
			isa = PBXGroup;
			children = (
				1A0518D10C7CC69600BA5CCA /* OODebugController.h */,
				1A0518D20C7CC69600BA5CCA /* OODebugController.m */,
				1A4D0DE30C90A68900A6FBDB /* OOMacDebugger.h */,
				1A4D0DE40C90A68900A6FBDB /* OOMacDebugger.m */,
				1A0256230C7F0D7100F622D4 /* OOJavaScriptConsoleController.h */,
				1A0256240C7F0D7100F622D4 /* OOJavaScriptConsoleController.m */,
				1A02587A0C7F36CD00F622D4 /* OODebugUtilities.h */,
				1A02587B0C7F36CD00F622D4 /* OODebugUtilities.m */,
				1AD26BF70C8434AB00B4BFD1 /* OOTextFieldHistoryManager.h */,
				1AD26BF80C8434AB00B4BFD1 /* OOTextFieldHistoryManager.m */,
				1AF0246C0C99931C006F7275 /* RBSplitView */,
				1A572FFA0D84BAB9003D4A26 /* Inspector */,
			);
			path = Source;
			sourceTree = "<group>";
		};
		1A4FB2F70C8DB87100DC8E1F /* SpiderMonkey headers */ = {
			isa = PBXGroup;
			children = (
				1A4FB2FE0C8DB89E00DC8E1F /* jsapi.h */,
				1A4FB3020C8DB8AA00DC8E1F /* jsautocfg.h */,
				1A4FB2FC0C8DB89E00DC8E1F /* jspubtd.h */,
				1A4FB2FD0C8DB89E00DC8E1F /* jstypes.h */,
			);
			name = "SpiderMonkey headers";
			path = "../deps/Cross-platform-deps/SpiderMonkey/js";
			sourceTree = "<group>";
		};
		1A572FFA0D84BAB9003D4A26 /* Inspector */ = {
			isa = PBXGroup;
			children = (
				1A572FFB0D84BB77003D4A26 /* OODebugInspector.h */,
				1A572FFC0D84BB77003D4A26 /* OODebugInspector.m */,
				1A57300C0D84C10F003D4A26 /* OOEntityInspectorExtensions.h */,
				1A57300D0D84C10F003D4A26 /* OOEntityInspectorExtensions.m */,
				1A2DFAF80D8925F70055CF71 /* OODebugInspectorModule.h */,
				1A2DFAF90D8925F70055CF71 /* OODebugInspectorModule.m */,
				1A2DFB080D8927B20055CF71 /* OOObjectDebugInspectorModule.h */,
				1A2DFB090D8927B20055CF71 /* OOObjectDebugInspectorModule.m */,
				1A2DFAFC0D89262E0055CF71 /* OOEntityDebugInspectorModule.h */,
				1A2DFAFD0D89262E0055CF71 /* OOEntityDebugInspectorModule.m */,
				1A2DFBC90D894A1D0055CF71 /* OOShipDebugInspectorModule.h */,
				1A2DFBCA0D894A1D0055CF71 /* OOShipDebugInspectorModule.m */,
				1A0CF1AF0D89FD7700E0B568 /* OOAIDebugInspectorModule.h */,
				1A0CF1B00D89FD7700E0B568 /* OOAIDebugInspectorModule.m */,
				1A909C860F3C6BBB003AE160 /* OOShipGroupDebugInspectorModule.h */,
				1A909C870F3C6BBB003AE160 /* OOShipGroupDebugInspectorModule.m */,
			);
			name = Inspector;
			sourceTree = "<group>";
		};
		1AF0246C0C99931C006F7275 /* RBSplitView */ = {
			isa = PBXGroup;
			children = (
				1AF0246D0C99931C006F7275 /* RBSplitSubview.h */,
				1AF0246E0C99931C006F7275 /* RBSplitSubview.m */,
				1AF0246F0C99931C006F7275 /* RBSplitView.h */,
				1AF024700C99931C006F7275 /* RBSplitView.m */,
				1AF024710C99931C006F7275 /* RBSplitViewPrivateDefines.h */,
			);
			path = RBSplitView;
			sourceTree = "<group>";
		};
/* End PBXGroup section */

/* Begin PBXHeadersBuildPhase section */
		1A0259FF0C7F8D4B00F622D4 /* Headers */ = {
			isa = PBXHeadersBuildPhase;
			buildActionMask = 2147483647;
			files = (
				1AD26BF90C8434AB00B4BFD1 /* OOTextFieldHistoryManager.h in Headers */,
				1A4FB2FF0C8DB89E00DC8E1F /* jspubtd.h in Headers */,
				1A4FB3000C8DB89E00DC8E1F /* jstypes.h in Headers */,
				1A4FB3010C8DB89E00DC8E1F /* jsapi.h in Headers */,
				1A4FB3030C8DB8AA00DC8E1F /* jsautocfg.h in Headers */,
				1A4D0DE50C90A68900A6FBDB /* OOMacDebugger.h in Headers */,
				1AF024720C99931C006F7275 /* RBSplitSubview.h in Headers */,
				1AF024740C99931C006F7275 /* RBSplitView.h in Headers */,
				1AF024760C99931C006F7275 /* RBSplitViewPrivateDefines.h in Headers */,
				1A572FFD0D84BB77003D4A26 /* OODebugInspector.h in Headers */,
				1A57300E0D84C10F003D4A26 /* OOEntityInspectorExtensions.h in Headers */,
				1A2DFAFA0D8925F70055CF71 /* OODebugInspectorModule.h in Headers */,
				1A2DFAFE0D89262E0055CF71 /* OOEntityDebugInspectorModule.h in Headers */,
				1A2DFB0A0D8927B20055CF71 /* OOObjectDebugInspectorModule.h in Headers */,
				1A2DFBCB0D894A1D0055CF71 /* OOShipDebugInspectorModule.h in Headers */,
				1A0CF1B10D89FD7700E0B568 /* OOAIDebugInspectorModule.h in Headers */,
				1A909C880F3C6BBB003AE160 /* OOShipGroupDebugInspectorModule.h in Headers */,
				2B8CD64C103846C7002354EE /* OODebugUtilities.h in Headers */,
				2B8CD64D103846CC002354EE /* OODebugController.h in Headers */,
				2B8CD64E103846D3002354EE /* OOJavaScriptConsoleController.h in Headers */,
			);
			runOnlyForDeploymentPostprocessing = 0;
		};
/* End PBXHeadersBuildPhase section */

/* Begin PBXNativeTarget section */
		8D5B49AC048680CD000E48DA /* DebugOXP */ = {
			isa = PBXNativeTarget;
			buildConfigurationList = 1DEB913A08733D840010E9CD /* Build configuration list for PBXNativeTarget "DebugOXP" */;
			buildPhases = (
				8D5B49AF048680CD000E48DA /* Resources */,
				1A0259FF0C7F8D4B00F622D4 /* Headers */,
				8D5B49B1048680CD000E48DA /* Sources */,
				8D5B49B3048680CD000E48DA /* Frameworks */,
				1A02553E0C7E1C5300F622D4 /* Copy Files to Wrapper */,
				1A025A030C7F8D5B00F622D4 /* Copy Files to Config */,
				1A9590840C80539A00C112A9 /* Copy Files to Scripts */,
				1A0259F00C7F8D2900F622D4 /* Copy Frameworks */,
				1A0255AC0C7E211200F622D4 /* Generate requires.plist */,
				1A2DA56B0CB7B6B000DE6823 /* Build Basic-debug.oxp */,
			);
			buildRules = (
			);
			dependencies = (
			);
			name = DebugOXP;
			productInstallPath = "$(HOME)/Library/Bundles";
			productName = DebugOXP;
			productReference = 8D5B49B6048680CD000E48DA /* Debug.oxp */;
			productType = "com.apple.product-type.bundle";
		};
/* End PBXNativeTarget section */

/* Begin PBXProject section */
		089C1669FE841209C02AAC07 /* Project object */ = {
			isa = PBXProject;
			buildConfigurationList = 1DEB913E08733D840010E9CD /* Build configuration list for PBXProject "DebugOXP" */;
			compatibilityVersion = "Xcode 2.4";
			hasScannedForEncodings = 1;
			mainGroup = 089C166AFE841209C02AAC07 /* DebugOXP */;
			projectDirPath = "";
			projectRoot = ..;
			targets = (
				8D5B49AC048680CD000E48DA /* DebugOXP */,
			);
		};
/* End PBXProject section */

/* Begin PBXResourcesBuildPhase section */
		8D5B49AF048680CD000E48DA /* Resources */ = {
			isa = PBXResourcesBuildPhase;
			buildActionMask = 2147483647;
			files = (
				1A5730020D84BFBF003D4A26 /* OODebugInspector.xib in Resources */,
				1A5730A10D84D0C3003D4A26 /* Localizable.strings in Resources */,
				1A2DFAF50D8925CB0055CF71 /* OOEntityDebugInspectorModule.xib in Resources */,
				1A2DFB0F0D8927F00055CF71 /* OOObjectDebugInspectorModule.xib in Resources */,
				1A2DFBC80D894A100055CF71 /* OOShipDebugInspectorModule.xib in Resources */,
				1A0CF1B70D89FD9A00E0B568 /* OOAIDebugInspectorModule.xib in Resources */,
				1A0CF2000D8A083900E0B568 /* OODebugController.xib in Resources */,
				1A909C940F3C6DCA003AE160 /* OOShipGroupDebugInspectorModule.xib in Resources */,
			);
			runOnlyForDeploymentPostprocessing = 0;
		};
/* End PBXResourcesBuildPhase section */

/* Begin PBXShellScriptBuildPhase section */
		1A0255AC0C7E211200F622D4 /* Generate requires.plist */ = {
			isa = PBXShellScriptBuildPhase;
			buildActionMask = 2147483647;
			files = (
			);
			inputPaths = (
			);
			name = "Generate requires.plist";
			outputPaths = (
			);
			runOnlyForDeploymentPostprocessing = 0;
			shellPath = /bin/sh;
			shellScript = "BASE_PATH=\"$BUILT_PRODUCTS_DIR/$PRODUCT_NAME.oxp/\"\n\n# Generate requires.plist file tying us to corresponding version of Oolite\nREQUIRES_PLIST=\"$BASE_PATH/requires.plist\"\necho \"{ version = \\\"${OOLITE_VERSION}\\\"; max_version = \\\"${OOLITE_VERSION}.99\\\"; }\" > $REQUIRES_PLIST\n";
		};
		1A2DA56B0CB7B6B000DE6823 /* Build Basic-debug.oxp */ = {
			isa = PBXShellScriptBuildPhase;
			buildActionMask = 2147483647;
			files = (
			);
			inputPaths = (
				"$(SRCROOT)/Resources/DebugOXPLocatorBeacon.magic",
				"$(SRCROOT)/Resources/oolite-mac-js-console.js",
				"$(SRCROOT)/Resources/debugConfig.plist",
			);
			name = "Build Basic-debug.oxp";
			outputPaths = (
				"$(SRCROOT)/../tools/simpleDebugConsole/Basic-debug.oxp",
				"$(SRCROOT)/../tools/simpleDebugConsole/Basic-debug.oxp/DebugOXPLocatorBeacon.magic",
				"$(SRCROOT)/../tools/simpleDebugConsole/Basic-debug.oxp/Scripts",
				"$(SRCROOT)/../tools/simpleDebugConsole/Basic-debug.oxp/Config",
				"$(SRCROOT)/../tools/simpleDebugConsole/Basic-debug.oxp/Config/debugConfig.plist",
				"$(SRCROOT)/../tools/simpleDebugConsole/Basic-debug.oxp/requires.plist",
				"$(SRCROOT)/../tools/simpleDebugConsole/Basic-debug.oxp/Scripts/oolite-mac-js-console.js",
			);
			runOnlyForDeploymentPostprocessing = 0;
			shellPath = /bin/bash;
			shellScript = "SRC_PATH=\"$SRCROOT/Resources\"\nDST_PATH=\"$SRCROOT/../tools/simpleDebugConsole/Basic-debug.oxp\"\n\nif [ ! -e \"$DST_PATH/Config\" ]\nthen\n\tmkdir \"$DST_PATH/Config\"\nfi\ncp \"$SRC_PATH/debugConfig.plist\" \"$DST_PATH/Config\"\ncp \"$SRC_PATH/DebugOXPLocatorBeacon.magic\" \"$DST_PATH\"\n\nif [ ! -e \"$DST_PATH/Scripts\" ]\nthen\n\tmkdir \"$DST_PATH/Scripts\"\nfi\ncp \"$SRC_PATH/oolite-debug-console.js\" \"$DST_PATH/Scripts\"\n\nREQUIRES_PLIST=\"$DST_PATH/requires.plist\"\necho \"{ version = \\\"${OOLITE_VERSION}\\\"; max_version = \\\"${OOLITE_VERSION}.99\\\"; }\" > $REQUIRES_PLIST\n";
		};
/* End PBXShellScriptBuildPhase section */

/* Begin PBXSourcesBuildPhase section */
		8D5B49B1048680CD000E48DA /* Sources */ = {
			isa = PBXSourcesBuildPhase;
			buildActionMask = 2147483647;
			files = (
				1A0518D30C7CC69600BA5CCA /* OODebugController.m in Sources */,
				1A0256260C7F0D7100F622D4 /* OOJavaScriptConsoleController.m in Sources */,
				1A02587D0C7F36CD00F622D4 /* OODebugUtilities.m in Sources */,
				1AD26BFA0C8434AB00B4BFD1 /* OOTextFieldHistoryManager.m in Sources */,
				1A4D0DE60C90A68900A6FBDB /* OOMacDebugger.m in Sources */,
				1AF024730C99931C006F7275 /* RBSplitSubview.m in Sources */,
				1AF024750C99931C006F7275 /* RBSplitView.m in Sources */,
				1A572FFE0D84BB77003D4A26 /* OODebugInspector.m in Sources */,
				1A57300F0D84C10F003D4A26 /* OOEntityInspectorExtensions.m in Sources */,
				1A2DFAFB0D8925F70055CF71 /* OODebugInspectorModule.m in Sources */,
				1A2DFAFF0D89262E0055CF71 /* OOEntityDebugInspectorModule.m in Sources */,
				1A2DFB0B0D8927B20055CF71 /* OOObjectDebugInspectorModule.m in Sources */,
				1A2DFBCC0D894A1D0055CF71 /* OOShipDebugInspectorModule.m in Sources */,
				1A0CF1B20D89FD7700E0B568 /* OOAIDebugInspectorModule.m in Sources */,
				1A909C890F3C6BBB003AE160 /* OOShipGroupDebugInspectorModule.m in Sources */,
			);
			runOnlyForDeploymentPostprocessing = 0;
		};
/* End PBXSourcesBuildPhase section */

/* Begin PBXVariantGroup section */
		1A0CF1B50D89FD9A00E0B568 /* OOAIDebugInspectorModule.xib */ = {
			isa = PBXVariantGroup;
			children = (
				1A0CF1B60D89FD9A00E0B568 /* English */,
			);
			name = OOAIDebugInspectorModule.xib;
			sourceTree = "<group>";
		};
		1A0CF1FE0D8A083900E0B568 /* OODebugController.xib */ = {
			isa = PBXVariantGroup;
			children = (
				1A0CF1FF0D8A083900E0B568 /* English */,
			);
			name = OODebugController.xib;
			sourceTree = "<group>";
		};
		1A2DFAF30D8925CB0055CF71 /* OOEntityDebugInspectorModule.xib */ = {
			isa = PBXVariantGroup;
			children = (
				1A2DFAF40D8925CB0055CF71 /* English */,
			);
			name = OOEntityDebugInspectorModule.xib;
			sourceTree = "<group>";
		};
		1A2DFB0D0D8927F00055CF71 /* OOObjectDebugInspectorModule.xib */ = {
			isa = PBXVariantGroup;
			children = (
				1A2DFB0E0D8927F00055CF71 /* English */,
			);
			name = OOObjectDebugInspectorModule.xib;
			sourceTree = "<group>";
		};
		1A2DFBC60D894A100055CF71 /* OOShipDebugInspectorModule.xib */ = {
			isa = PBXVariantGroup;
			children = (
				1A2DFBC70D894A100055CF71 /* English */,
			);
			name = OOShipDebugInspectorModule.xib;
			sourceTree = "<group>";
		};
		1A5730000D84BFBF003D4A26 /* OODebugInspector.xib */ = {
			isa = PBXVariantGroup;
			children = (
				1A5730010D84BFBF003D4A26 /* English */,
			);
			name = OODebugInspector.xib;
			sourceTree = "<group>";
		};
		1A57309F0D84D0C3003D4A26 /* Localizable.strings */ = {
			isa = PBXVariantGroup;
			children = (
				1A5730A00D84D0C3003D4A26 /* English */,
			);
			name = Localizable.strings;
			sourceTree = "<group>";
		};
		1A909C920F3C6DCA003AE160 /* OOShipGroupDebugInspectorModule.xib */ = {
			isa = PBXVariantGroup;
			children = (
				1A909C930F3C6DCA003AE160 /* English */,
			);
			name = OOShipGroupDebugInspectorModule.xib;
			sourceTree = "<group>";
		};
/* End PBXVariantGroup section */

/* Begin XCBuildConfiguration section */
		1A581F820E311D5C007594C1 /* Debug GCC 4.2/Leopard */ = {
			isa = XCBuildConfiguration;
			buildSettings = {
				GCC_VERSION = 4.2;
				GCC_WARN_ABOUT_RETURN_TYPE = YES;
				GCC_WARN_UNUSED_VARIABLE = YES;
				PREBINDING = NO;
				SDKROOT = /Developer/SDKs/MacOSX10.5.sdk;
			};
			name = "Debug GCC 4.2/Leopard";
		};
		1A581F830E311D5C007594C1 /* Debug GCC 4.2/Leopard */ = {
			isa = XCBuildConfiguration;
			baseConfigurationReference = 1A846BAB0D79F9680081280D /* oolite-version.xcconfig */;
			buildSettings = {
				ARCHS = "$(ARCHS_STANDARD_32_64_BIT_PRE_XCODE_3_1)";
				ARCHS_STANDARD_32_64_BIT_PRE_XCODE_3_1 = "ppc i386 ppc64 x86_64";
				BUNDLE_LOADER = "../build/Debug GCC 4.2/Leopard/OoliteDev.app/Contents/MacOS/OoliteDev";
				COPY_PHASE_STRIP = NO;
				DEBUG_INFORMATION_FORMAT = dwarf;
				FRAMEWORK_SEARCH_PATHS = (
					"$(inherited)",
					"$(FRAMEWORK_SEARCH_PATHS_QUOTED_1)",
				);
				FRAMEWORK_SEARCH_PATHS_QUOTED_1 = "\"$(SRCROOT)\"";
				GCC_DYNAMIC_NO_PIC = NO;
				GCC_GENERATE_DEBUGGING_SYMBOLS = YES;
				GCC_MODEL_TUNING = G5;
				GCC_OPTIMIZATION_LEVEL = 0;
				GCC_PREPROCESSOR_DEFINITIONS_NOT_USED_IN_PRECOMPS = (
					XP_UNIX,
					"INCLUDE_FSCRIPT_SUPPORT=1",
				);
				GCC_TREAT_WARNINGS_AS_ERRORS = YES;
				INFOPLIST_FILE = Resources/Info.plist;
				INSTALL_PATH = "$(HOME)/Library/Bundles";
				OTHER_LDFLAGS = (
					"-framework",
					FScript,
				);
				PRECOMPS_INCLUDE_HEADERS_FROM_BUILT_PRODUCTS_DIR = NO;
				PRODUCT_NAME = Debug;
				SYMROOT = ../build;
				USER_HEADER_SEARCH_PATHS = "../src/Core ../src/Core/Debug ../src/Core/Entities ../src/Core/Materials ../src/Core/Scripting ../src/Cocoa ../deps/Cocoa-deps/js/headers/";
				WARNING_CFLAGS = (
					"-Wall",
					"-Wextra",
					"-Wno-unused-parameter",
					"-Wno-missing-field-initializers",
				);
				WRAPPER_EXTENSION = oxp;
			};
			name = "Debug GCC 4.2/Leopard";
		};
		1DEB913B08733D840010E9CD /* Debug */ = {
			isa = XCBuildConfiguration;
			baseConfigurationReference = 1A846BAB0D79F9680081280D /* oolite-version.xcconfig */;
			buildSettings = {
				BUNDLE_LOADER = ../build/$CONFIGURATION/OoliteDev.app/Contents/MacOS/OoliteDev;
				COPY_PHASE_STRIP = NO;
				DEBUG_INFORMATION_FORMAT = dwarf;
				FRAMEWORK_SEARCH_PATHS = (
					"$(inherited)",
					"$(FRAMEWORK_SEARCH_PATHS_QUOTED_1)",
				);
				FRAMEWORK_SEARCH_PATHS_QUOTED_1 = "\"$(SRCROOT)\"";
				GCC_DYNAMIC_NO_PIC = NO;
				GCC_GENERATE_DEBUGGING_SYMBOLS = YES;
				GCC_MODEL_TUNING = G5;
				GCC_OPTIMIZATION_LEVEL = 0;
				GCC_PREPROCESSOR_DEFINITIONS_NOT_USED_IN_PRECOMPS = (
					XP_UNIX,
					"INCLUDE_FSCRIPT_SUPPORT=1",
				);
				GCC_TREAT_WARNINGS_AS_ERRORS = YES;
				INFOPLIST_FILE = Resources/Info.plist;
				INSTALL_PATH = "$(HOME)/Library/Bundles";
				OTHER_LDFLAGS = (
					"-framework",
					FScript,
				);
				PRECOMPS_INCLUDE_HEADERS_FROM_BUILT_PRODUCTS_DIR = NO;
				PRODUCT_NAME = Debug;
				SYMROOT = ../build;
				USER_HEADER_SEARCH_PATHS = "../src/Core ../src/Core/Debug ../src/Core/Entities ../src/Core/Materials ../src/Core/Scripting ../src/Cocoa ../deps/Cocoa-deps/js/headers/";
				WARNING_CFLAGS = (
					"-Wall",
					"-Wextra",
					"-Wno-unused-parameter",
					"-Wno-missing-field-initializers",
				);
				WRAPPER_EXTENSION = oxp;
			};
			name = Debug;
		};
		1DEB913C08733D840010E9CD /* TestRelease */ = {
			isa = XCBuildConfiguration;
			baseConfigurationReference = 1A846BAB0D79F9680081280D /* oolite-version.xcconfig */;
			buildSettings = {
				ARCHS = (
					ppc,
					i386,
				);
				BUNDLE_LOADER = ../build/TestRelease/Oolite.app/Contents/MacOS/Oolite;
				COPY_PHASE_STRIP = NO;
				DEBUG_INFORMATION_FORMAT = dwarf;
				FRAMEWORK_SEARCH_PATHS = (
					"$(inherited)",
					"$(FRAMEWORK_SEARCH_PATHS_QUOTED_1)",
				);
				FRAMEWORK_SEARCH_PATHS_QUOTED_1 = "\"$(SRCROOT)\"";
				GCC_GENERATE_DEBUGGING_SYMBOLS = YES;
				GCC_MODEL_TUNING = G5;
				GCC_PREPROCESSOR_DEFINITIONS_NOT_USED_IN_PRECOMPS = (
					"INCLUDE_FSCRIPT_SUPPORT=0",
					XP_UNIX,
				);
				GCC_TREAT_WARNINGS_AS_ERRORS = YES;
				INFOPLIST_FILE = Resources/Info.plist;
				INSTALL_PATH = "$(HOME)/Library/Bundles";
				PRECOMPS_INCLUDE_HEADERS_FROM_BUILT_PRODUCTS_DIR = NO;
				PRODUCT_NAME = Debug;
				SYMROOT = ../build;
				USER_HEADER_SEARCH_PATHS = "../src/Core ../src/Core/Debug ../src/Core/Entities ../src/Core/Materials ../src/Core/Scripting ../src/Cocoa ../deps/Cocoa-deps/js/headers/";
				WARNING_CFLAGS = (
					"-Wall",
					"-Wextra",
					"-Wno-unused-parameter",
					"-Wno-missing-field-initializers",
				);
				WRAPPER_EXTENSION = oxp;
			};
			name = TestRelease;
		};
		1DEB913F08733D840010E9CD /* Debug */ = {
			isa = XCBuildConfiguration;
			buildSettings = {
				ARCHS = "$(ARCHS_STANDARD_32_BIT_PRE_XCODE_3_1)";
				ARCHS_STANDARD_32_BIT_PRE_XCODE_3_1 = "ppc i386";
				GCC_WARN_ABOUT_RETURN_TYPE = YES;
				GCC_WARN_UNUSED_VARIABLE = YES;
				PREBINDING = NO;
				SDKROOT = /Developer/SDKs/MacOSX10.4u.sdk;
			};
			name = Debug;
		};
		1DEB914008733D840010E9CD /* TestRelease */ = {
			isa = XCBuildConfiguration;
			buildSettings = {
				GCC_WARN_ABOUT_RETURN_TYPE = YES;
				GCC_WARN_UNUSED_VARIABLE = YES;
				PREBINDING = NO;
				SDKROOT = /Developer/SDKs/MacOSX10.4u.sdk;
			};
			name = TestRelease;
		};
/* End XCBuildConfiguration section */

/* Begin XCConfigurationList section */
		1DEB913A08733D840010E9CD /* Build configuration list for PBXNativeTarget "DebugOXP" */ = {
			isa = XCConfigurationList;
			buildConfigurations = (
				1DEB913B08733D840010E9CD /* Debug */,
				1A581F830E311D5C007594C1 /* Debug GCC 4.2/Leopard */,
				1DEB913C08733D840010E9CD /* TestRelease */,
			);
			defaultConfigurationIsVisible = 0;
			defaultConfigurationName = TestRelease;
		};
		1DEB913E08733D840010E9CD /* Build configuration list for PBXProject "DebugOXP" */ = {
			isa = XCConfigurationList;
			buildConfigurations = (
				1DEB913F08733D840010E9CD /* Debug */,
				1A581F820E311D5C007594C1 /* Debug GCC 4.2/Leopard */,
				1DEB914008733D840010E9CD /* TestRelease */,
			);
			defaultConfigurationIsVisible = 0;
			defaultConfigurationName = TestRelease;
		};
/* End XCConfigurationList section */
	};
	rootObject = 089C1669FE841209C02AAC07 /* Project object */;
}
