// !$*UTF8*$!
{
	archiveVersion = 1;
	classes = {
	};
	objectVersion = 42;
	objects = {

/* Begin PBXBuildFile section */
		1A0255340C7E1BF000F622D4 /* debugLogMessageClassesMenu.plist in Copy Files to Config */ = {isa = PBXBuildFile; fileRef = 1A0255330C7E1BF000F622D4 /* debugLogMessageClassesMenu.plist */; };
		1A02553C0C7E1C3400F622D4 /* DebugOXPLocatorBeacon.magic in Copy Files to Wrapper */ = {isa = PBXBuildFile; fileRef = 1A02553B0C7E1C3300F622D4 /* DebugOXPLocatorBeacon.magic */; };
		1A0256260C7F0D7100F622D4 /* OOJavaScriptConsoleController.m in Sources */ = {isa = PBXBuildFile; fileRef = 1A0256240C7F0D7100F622D4 /* OOJavaScriptConsoleController.m */; };
		1A02587D0C7F36CD00F622D4 /* OODebugUtilities.m in Sources */ = {isa = PBXBuildFile; fileRef = 1A02587B0C7F36CD00F622D4 /* OODebugUtilities.m */; };
		1A0258B30C7F386C00F622D4 /* jsConsoleConfig.plist in Copy Files to Config */ = {isa = PBXBuildFile; fileRef = 1A0258B20C7F386C00F622D4 /* jsConsoleConfig.plist */; };
		1A0259B90C7F894100F622D4 /* FScript.framework in Frameworks */ = {isa = PBXBuildFile; fileRef = 1A0259B80C7F894100F622D4 /* FScript.framework */; };
		1A0259F60C7F8D3800F622D4 /* FScript.framework in Copy Frameworks */ = {isa = PBXBuildFile; fileRef = 1A0259B80C7F894100F622D4 /* FScript.framework */; };
		1A0518CB0C7CC68A00BA5CCA /* OODebugController.nib in Resources */ = {isa = PBXBuildFile; fileRef = 1A0518CA0C7CC68A00BA5CCA /* OODebugController.nib */; };
		1A0518D30C7CC69600BA5CCA /* OODebugController.m in Sources */ = {isa = PBXBuildFile; fileRef = 1A0518D20C7CC69600BA5CCA /* OODebugController.m */; };
		1A4FB04F0C8C267E00DC8E1F /* oolite-mac-js-console.js in Copy Files to Scripts */ = {isa = PBXBuildFile; fileRef = 1A4FB04E0C8C267E00DC8E1F /* oolite-mac-js-console.js */; };
		1A4FB2FF0C8DB89E00DC8E1F /* jspubtd.h in Headers */ = {isa = PBXBuildFile; fileRef = 1A4FB2FC0C8DB89E00DC8E1F /* jspubtd.h */; };
		1A4FB3000C8DB89E00DC8E1F /* jstypes.h in Headers */ = {isa = PBXBuildFile; fileRef = 1A4FB2FD0C8DB89E00DC8E1F /* jstypes.h */; };
		1A4FB3010C8DB89E00DC8E1F /* jsapi.h in Headers */ = {isa = PBXBuildFile; fileRef = 1A4FB2FE0C8DB89E00DC8E1F /* jsapi.h */; };
		1A4FB3030C8DB8AA00DC8E1F /* jsautocfg.h in Headers */ = {isa = PBXBuildFile; fileRef = 1A4FB3020C8DB8AA00DC8E1F /* jsautocfg.h */; };
		1A9590E80C80673700C112A9 /* OOJSConsole.h in Headers */ = {isa = PBXBuildFile; fileRef = 1A9590E60C80673700C112A9 /* OOJSConsole.h */; };
		1A9590E90C80673700C112A9 /* OOJSConsole.m in Sources */ = {isa = PBXBuildFile; fileRef = 1A9590E70C80673700C112A9 /* OOJSConsole.m */; };
		1AD26BF90C8434AB00B4BFD1 /* OOTextFieldHistoryManager.h in Headers */ = {isa = PBXBuildFile; fileRef = 1AD26BF70C8434AB00B4BFD1 /* OOTextFieldHistoryManager.h */; };
		1AD26BFA0C8434AB00B4BFD1 /* OOTextFieldHistoryManager.m in Sources */ = {isa = PBXBuildFile; fileRef = 1AD26BF80C8434AB00B4BFD1 /* OOTextFieldHistoryManager.m */; };
		8D5B49B4048680CD000E48DA /* Cocoa.framework in Frameworks */ = {isa = PBXBuildFile; fileRef = 1058C7ADFEA557BF11CA2CBB /* Cocoa.framework */; };
/* End PBXBuildFile section */

/* Begin PBXCopyFilesBuildPhase section */
		1A02553E0C7E1C5300F622D4 /* Copy Files to Wrapper */ = {
			isa = PBXCopyFilesBuildPhase;
			buildActionMask = 2147483647;
			dstPath = "";
			dstSubfolderSpec = 1;
			files = (
				1A02553C0C7E1C3400F622D4 /* DebugOXPLocatorBeacon.magic in Copy Files to Wrapper */,
			);
			name = "Copy Files to Wrapper";
			runOnlyForDeploymentPostprocessing = 0;
		};
		1A0259F00C7F8D2900F622D4 /* Copy Frameworks */ = {
			isa = PBXCopyFilesBuildPhase;
			buildActionMask = 2147483647;
			dstPath = "";
			dstSubfolderSpec = 10;
			files = (
				1A0259F60C7F8D3800F622D4 /* FScript.framework in Copy Frameworks */,
			);
			name = "Copy Frameworks";
			runOnlyForDeploymentPostprocessing = 0;
		};
		1A025A030C7F8D5B00F622D4 /* Copy Files to Config */ = {
			isa = PBXCopyFilesBuildPhase;
			buildActionMask = 2147483647;
			dstPath = Config;
			dstSubfolderSpec = 1;
			files = (
				1A0258B30C7F386C00F622D4 /* jsConsoleConfig.plist in Copy Files to Config */,
				1A0255340C7E1BF000F622D4 /* debugLogMessageClassesMenu.plist in Copy Files to Config */,
			);
			name = "Copy Files to Config";
			runOnlyForDeploymentPostprocessing = 0;
		};
		1A9590840C80539A00C112A9 /* Copy Files to Scripts */ = {
			isa = PBXCopyFilesBuildPhase;
			buildActionMask = 2147483647;
			dstPath = Scripts;
			dstSubfolderSpec = 1;
			files = (
				1A4FB04F0C8C267E00DC8E1F /* oolite-mac-js-console.js in Copy Files to Scripts */,
			);
			name = "Copy Files to Scripts";
			runOnlyForDeploymentPostprocessing = 0;
		};
/* End PBXCopyFilesBuildPhase section */

/* Begin PBXFileReference section */
		089C1672FE841209C02AAC07 /* Foundation.framework */ = {isa = PBXFileReference; lastKnownFileType = wrapper.framework; name = Foundation.framework; path = /System/Library/Frameworks/Foundation.framework; sourceTree = "<absolute>"; };
		089C167FFE841241C02AAC07 /* AppKit.framework */ = {isa = PBXFileReference; lastKnownFileType = wrapper.framework; name = AppKit.framework; path = /System/Library/Frameworks/AppKit.framework; sourceTree = "<absolute>"; };
		1058C7ADFEA557BF11CA2CBB /* Cocoa.framework */ = {isa = PBXFileReference; lastKnownFileType = wrapper.framework; name = Cocoa.framework; path = /System/Library/Frameworks/Cocoa.framework; sourceTree = "<absolute>"; };
		1A0255330C7E1BF000F622D4 /* debugLogMessageClassesMenu.plist */ = {isa = PBXFileReference; fileEncoding = 4; lastKnownFileType = text.plist; path = debugLogMessageClassesMenu.plist; sourceTree = "<group>"; };
		1A02553B0C7E1C3300F622D4 /* DebugOXPLocatorBeacon.magic */ = {isa = PBXFileReference; fileEncoding = 4; lastKnownFileType = text; path = DebugOXPLocatorBeacon.magic; sourceTree = "<group>"; };
		1A0256230C7F0D7100F622D4 /* OOJavaScriptConsoleController.h */ = {isa = PBXFileReference; fileEncoding = 4; lastKnownFileType = sourcecode.c.h; path = OOJavaScriptConsoleController.h; sourceTree = "<group>"; };
		1A0256240C7F0D7100F622D4 /* OOJavaScriptConsoleController.m */ = {isa = PBXFileReference; fileEncoding = 4; lastKnownFileType = sourcecode.c.objc; path = OOJavaScriptConsoleController.m; sourceTree = "<group>"; };
		1A02587A0C7F36CD00F622D4 /* OODebugUtilities.h */ = {isa = PBXFileReference; fileEncoding = 4; lastKnownFileType = sourcecode.c.h; path = OODebugUtilities.h; sourceTree = "<group>"; };
		1A02587B0C7F36CD00F622D4 /* OODebugUtilities.m */ = {isa = PBXFileReference; fileEncoding = 4; lastKnownFileType = sourcecode.c.objc; path = OODebugUtilities.m; sourceTree = "<group>"; };
		1A0258B20C7F386C00F622D4 /* jsConsoleConfig.plist */ = {isa = PBXFileReference; fileEncoding = 4; lastKnownFileType = text.plist; path = jsConsoleConfig.plist; sourceTree = "<group>"; };
		1A0259B80C7F894100F622D4 /* FScript.framework */ = {isa = PBXFileReference; lastKnownFileType = wrapper.framework; path = FScript.framework; sourceTree = "<group>"; };
		1A0518CA0C7CC68A00BA5CCA /* OODebugController.nib */ = {isa = PBXFileReference; lastKnownFileType = wrapper.nib; path = OODebugController.nib; sourceTree = "<group>"; };
		1A0518D10C7CC69600BA5CCA /* OODebugController.h */ = {isa = PBXFileReference; fileEncoding = 4; lastKnownFileType = sourcecode.c.h; path = OODebugController.h; sourceTree = "<group>"; };
		1A0518D20C7CC69600BA5CCA /* OODebugController.m */ = {isa = PBXFileReference; fileEncoding = 4; lastKnownFileType = sourcecode.c.objc; path = OODebugController.m; sourceTree = "<group>"; };
		1A4FB04E0C8C267E00DC8E1F /* oolite-mac-js-console.js */ = {isa = PBXFileReference; fileEncoding = 4; lastKnownFileType = sourcecode.javascript; path = "oolite-mac-js-console.js"; sourceTree = "<group>"; };
		1A4FB2FC0C8DB89E00DC8E1F /* jspubtd.h */ = {isa = PBXFileReference; fileEncoding = 4; lastKnownFileType = sourcecode.c.h; name = jspubtd.h; path = src/jspubtd.h; sourceTree = "<group>"; };
		1A4FB2FD0C8DB89E00DC8E1F /* jstypes.h */ = {isa = PBXFileReference; fileEncoding = 4; lastKnownFileType = sourcecode.c.h; name = jstypes.h; path = src/jstypes.h; sourceTree = "<group>"; };
		1A4FB2FE0C8DB89E00DC8E1F /* jsapi.h */ = {isa = PBXFileReference; fileEncoding = 4; lastKnownFileType = sourcecode.c.h; name = jsapi.h; path = src/jsapi.h; sourceTree = "<group>"; };
		1A4FB3020C8DB8AA00DC8E1F /* jsautocfg.h */ = {isa = PBXFileReference; fileEncoding = 4; lastKnownFileType = sourcecode.c.h; name = jsautocfg.h; path = xcode/jsautocfg.h; sourceTree = "<group>"; };
		1A9590E60C80673700C112A9 /* OOJSConsole.h */ = {isa = PBXFileReference; fileEncoding = 4; lastKnownFileType = sourcecode.c.h; path = OOJSConsole.h; sourceTree = "<group>"; };
		1A9590E70C80673700C112A9 /* OOJSConsole.m */ = {isa = PBXFileReference; fileEncoding = 4; lastKnownFileType = sourcecode.c.objc; path = OOJSConsole.m; sourceTree = "<group>"; };
		1AD26BF70C8434AB00B4BFD1 /* OOTextFieldHistoryManager.h */ = {isa = PBXFileReference; fileEncoding = 4; lastKnownFileType = sourcecode.c.h; path = OOTextFieldHistoryManager.h; sourceTree = "<group>"; };
		1AD26BF80C8434AB00B4BFD1 /* OOTextFieldHistoryManager.m */ = {isa = PBXFileReference; fileEncoding = 4; lastKnownFileType = sourcecode.c.objc; path = OOTextFieldHistoryManager.m; sourceTree = "<group>"; };
		8D5B49B6048680CD000E48DA /* Debug.oxp */ = {isa = PBXFileReference; explicitFileType = wrapper.cfbundle; includeInIndex = 0; path = Debug.oxp; sourceTree = BUILT_PRODUCTS_DIR; };
		8D5B49B7048680CD000E48DA /* Info.plist */ = {isa = PBXFileReference; fileEncoding = 4; lastKnownFileType = text.xml; path = Info.plist; sourceTree = "<group>"; };
		D2F7E65807B2D6F200F64583 /* CoreData.framework */ = {isa = PBXFileReference; lastKnownFileType = wrapper.framework; name = CoreData.framework; path = /System/Library/Frameworks/CoreData.framework; sourceTree = "<absolute>"; };
/* End PBXFileReference section */

/* Begin PBXFrameworksBuildPhase section */
		8D5B49B3048680CD000E48DA /* Frameworks */ = {
			isa = PBXFrameworksBuildPhase;
			buildActionMask = 2147483647;
			files = (
				8D5B49B4048680CD000E48DA /* Cocoa.framework in Frameworks */,
				1A0259B90C7F894100F622D4 /* FScript.framework in Frameworks */,
			);
			runOnlyForDeploymentPostprocessing = 0;
		};
/* End PBXFrameworksBuildPhase section */

/* Begin PBXGroup section */
		089C166AFE841209C02AAC07 /* DebugOXP */ = {
			isa = PBXGroup;
			children = (
				1A0518D00C7CC69600BA5CCA /* Source */,
				1A4FB2F70C8DB87100DC8E1F /* SpiderMonkey headers */,
				089C167CFE841241C02AAC07 /* Resources */,
				089C1671FE841209C02AAC07 /* Frameworks and Libraries */,
				19C28FB8FE9D52D311CA2CBB /* Products */,
			);
			name = DebugOXP;
			sourceTree = "<group>";
		};
		089C1671FE841209C02AAC07 /* Frameworks and Libraries */ = {
			isa = PBXGroup;
			children = (
				1A0259B80C7F894100F622D4 /* FScript.framework */,
				1058C7ACFEA557BF11CA2CBB /* Linked Frameworks */,
				1058C7AEFEA557BF11CA2CBB /* Other Frameworks */,
			);
			name = "Frameworks and Libraries";
			sourceTree = "<group>";
		};
		089C167CFE841241C02AAC07 /* Resources */ = {
			isa = PBXGroup;
			children = (
				1A0518CA0C7CC68A00BA5CCA /* OODebugController.nib */,
				8D5B49B7048680CD000E48DA /* Info.plist */,
				1A0255330C7E1BF000F622D4 /* debugLogMessageClassesMenu.plist */,
				1A02553B0C7E1C3300F622D4 /* DebugOXPLocatorBeacon.magic */,
				1A0258B20C7F386C00F622D4 /* jsConsoleConfig.plist */,
				1A4FB04E0C8C267E00DC8E1F /* oolite-mac-js-console.js */,
			);
			path = Resources;
			sourceTree = "<group>";
		};
		1058C7ACFEA557BF11CA2CBB /* Linked Frameworks */ = {
			isa = PBXGroup;
			children = (
				1058C7ADFEA557BF11CA2CBB /* Cocoa.framework */,
			);
			name = "Linked Frameworks";
			sourceTree = "<group>";
		};
		1058C7AEFEA557BF11CA2CBB /* Other Frameworks */ = {
			isa = PBXGroup;
			children = (
				089C167FFE841241C02AAC07 /* AppKit.framework */,
				D2F7E65807B2D6F200F64583 /* CoreData.framework */,
				089C1672FE841209C02AAC07 /* Foundation.framework */,
			);
			name = "Other Frameworks";
			sourceTree = "<group>";
		};
		19C28FB8FE9D52D311CA2CBB /* Products */ = {
			isa = PBXGroup;
			children = (
				8D5B49B6048680CD000E48DA /* Debug.oxp */,
			);
			name = Products;
			sourceTree = "<group>";
		};
		1A0518D00C7CC69600BA5CCA /* Source */ = {
			isa = PBXGroup;
			children = (
				1A0518D10C7CC69600BA5CCA /* OODebugController.h */,
				1A0518D20C7CC69600BA5CCA /* OODebugController.m */,
				1A0256230C7F0D7100F622D4 /* OOJavaScriptConsoleController.h */,
				1A0256240C7F0D7100F622D4 /* OOJavaScriptConsoleController.m */,
				1A02587A0C7F36CD00F622D4 /* OODebugUtilities.h */,
				1A02587B0C7F36CD00F622D4 /* OODebugUtilities.m */,
				1A9590E60C80673700C112A9 /* OOJSConsole.h */,
				1A9590E70C80673700C112A9 /* OOJSConsole.m */,
				1AD26BF70C8434AB00B4BFD1 /* OOTextFieldHistoryManager.h */,
				1AD26BF80C8434AB00B4BFD1 /* OOTextFieldHistoryManager.m */,
			);
			path = Source;
			sourceTree = "<group>";
		};
		1A4FB2F70C8DB87100DC8E1F /* SpiderMonkey headers */ = {
			isa = PBXGroup;
			children = (
				1A4FB2FE0C8DB89E00DC8E1F /* jsapi.h */,
				1A4FB3020C8DB8AA00DC8E1F /* jsautocfg.h */,
				1A4FB2FC0C8DB89E00DC8E1F /* jspubtd.h */,
				1A4FB2FD0C8DB89E00DC8E1F /* jstypes.h */,
			);
			name = "SpiderMonkey headers";
			path = "../deps/Cross-platform-deps/SpiderMonkey/js";
			sourceTree = "<group>";
		};
/* End PBXGroup section */

/* Begin PBXHeadersBuildPhase section */
		1A0259FF0C7F8D4B00F622D4 /* Headers */ = {
			isa = PBXHeadersBuildPhase;
			buildActionMask = 2147483647;
			files = (
				1A9590E80C80673700C112A9 /* OOJSConsole.h in Headers */,
				1AD26BF90C8434AB00B4BFD1 /* OOTextFieldHistoryManager.h in Headers */,
				1A4FB2FF0C8DB89E00DC8E1F /* jspubtd.h in Headers */,
				1A4FB3000C8DB89E00DC8E1F /* jstypes.h in Headers */,
				1A4FB3010C8DB89E00DC8E1F /* jsapi.h in Headers */,
				1A4FB3030C8DB8AA00DC8E1F /* jsautocfg.h in Headers */,
			);
			runOnlyForDeploymentPostprocessing = 0;
		};
/* End PBXHeadersBuildPhase section */

/* Begin PBXNativeTarget section */
		8D5B49AC048680CD000E48DA /* DebugOXP */ = {
			isa = PBXNativeTarget;
			buildConfigurationList = 1DEB913A08733D840010E9CD /* Build configuration list for PBXNativeTarget "DebugOXP" */;
			buildPhases = (
				8D5B49AF048680CD000E48DA /* Resources */,
				1A0259FF0C7F8D4B00F622D4 /* Headers */,
				8D5B49B1048680CD000E48DA /* Sources */,
				8D5B49B3048680CD000E48DA /* Frameworks */,
				1A02553E0C7E1C5300F622D4 /* Copy Files to Wrapper */,
				1A025A030C7F8D5B00F622D4 /* Copy Files to Config */,
				1A9590840C80539A00C112A9 /* Copy Files to Scripts */,
				1A0259F00C7F8D2900F622D4 /* Copy Frameworks */,
				1A0255AC0C7E211200F622D4 /* Run Script */,
			);
			buildRules = (
			);
			dependencies = (
			);
			name = DebugOXP;
			productInstallPath = "$(HOME)/Library/Bundles";
			productName = DebugOXP;
			productReference = 8D5B49B6048680CD000E48DA /* Debug.oxp */;
			productType = "com.apple.product-type.bundle";
		};
/* End PBXNativeTarget section */

/* Begin PBXProject section */
		089C1669FE841209C02AAC07 /* Project object */ = {
			isa = PBXProject;
			buildConfigurationList = 1DEB913E08733D840010E9CD /* Build configuration list for PBXProject "DebugOXP" */;
			hasScannedForEncodings = 1;
			mainGroup = 089C166AFE841209C02AAC07 /* DebugOXP */;
			projectDirPath = "";
			targets = (
				8D5B49AC048680CD000E48DA /* DebugOXP */,
			);
		};
/* End PBXProject section */

/* Begin PBXResourcesBuildPhase section */
		8D5B49AF048680CD000E48DA /* Resources */ = {
			isa = PBXResourcesBuildPhase;
			buildActionMask = 2147483647;
			files = (
				1A0518CB0C7CC68A00BA5CCA /* OODebugController.nib in Resources */,
			);
			runOnlyForDeploymentPostprocessing = 0;
		};
/* End PBXResourcesBuildPhase section */

/* Begin PBXShellScriptBuildPhase section */
		1A0255AC0C7E211200F622D4 /* Run Script */ = {
			isa = PBXShellScriptBuildPhase;
			buildActionMask = 2147483647;
			files = (
			);
			inputPaths = (
			);
			name = "Run Script";
			outputPaths = (
			);
			runOnlyForDeploymentPostprocessing = 0;
			shellPath = /bin/sh;
			shellScript = "BASE_PATH=\"$BUILT_PRODUCTS_DIR/$PRODUCT_NAME.oxp/\"\n\n# Generate requires.plist file tying us to corresponding version of Oolite\nREQUIRES_PLIST=\"$BASE_PATH/Config/requires.plist\"\necho \"{ version = \\\"${VERSION}\\\"; max_version = \\\"${VERSION}\\\"; }\" > $REQUIRES_PLIST\n\n# Twiddle with loading of FScript.framework\ninstall_name_tool -change @executable_path/../Frameworks/FScript.framework/Versions/A/FScript @loader_path/../Frameworks/FScript.framework/Versions/A/FScript \"$BASE_PATH/Contents/MacOS/$EXECUTABLE_NAME\"\n";
		};
/* End PBXShellScriptBuildPhase section */

/* Begin PBXSourcesBuildPhase section */
		8D5B49B1048680CD000E48DA /* Sources */ = {
			isa = PBXSourcesBuildPhase;
			buildActionMask = 2147483647;
			files = (
				1A0518D30C7CC69600BA5CCA /* OODebugController.m in Sources */,
				1A0256260C7F0D7100F622D4 /* OOJavaScriptConsoleController.m in Sources */,
				1A02587D0C7F36CD00F622D4 /* OODebugUtilities.m in Sources */,
				1A9590E90C80673700C112A9 /* OOJSConsole.m in Sources */,
				1AD26BFA0C8434AB00B4BFD1 /* OOTextFieldHistoryManager.m in Sources */,
			);
			runOnlyForDeploymentPostprocessing = 0;
		};
/* End PBXSourcesBuildPhase section */

/* Begin XCBuildConfiguration section */
		1DEB913B08733D840010E9CD /* Development */ = {
			isa = XCBuildConfiguration;
			buildSettings = {
				BUNDLE_LOADER = ../build/Development/OoliteDev.app/Contents/MacOS/OoliteDev;
				COPY_PHASE_STRIP = NO;
				DEBUG_INFORMATION_FORMAT = dwarf;
				FRAMEWORK_SEARCH_PATHS = (
					"$(inherited)",
					"$(FRAMEWORK_SEARCH_PATHS_QUOTED_1)",
				);
				FRAMEWORK_SEARCH_PATHS_QUOTED_1 = "\"$(SRCROOT)\"";
				GCC_DYNAMIC_NO_PIC = NO;
				GCC_GENERATE_DEBUGGING_SYMBOLS = YES;
				GCC_MODEL_TUNING = G5;
				GCC_OPTIMIZATION_LEVEL = 0;
				GCC_PREPROCESSOR_DEFINITIONS_NOT_USED_IN_PRECOMPS = XP_UNIX;
				GCC_TREAT_WARNINGS_AS_ERRORS = YES;
				INFOPLIST_FILE = Resources/Info.plist;
				INSTALL_PATH = "$(HOME)/Library/Bundles";
				PRECOMPS_INCLUDE_HEADERS_FROM_BUILT_PRODUCTS_DIR = NO;
				PRODUCT_NAME = Debug;
				SYMROOT = ../build;
				USER_HEADER_SEARCH_PATHS = "../src/Core ../src/Core/Entities ../src/Core/Materials ../src/Core/Scripting ../src/Cocoa ../deps/Cocoa-deps/js/headers/";
				VERSION = 1.69.2;
				WARNING_CFLAGS = (
					"-Wall",
					"-Wextra",
					"-Wno-unused-parameter",
					"-Wno-missing-field-initializers",
				);
				WRAPPER_EXTENSION = oxp;
			};
			name = Development;
		};
		1DEB913C08733D840010E9CD /* TestRelease */ = {
			isa = XCBuildConfiguration;
			buildSettings = {
				ARCHS = (
					ppc,
					i386,
				);
				BUNDLE_LOADER = ../build/TestRelease/Oolite.app/Contents/MacOS/Oolite;
				COPY_PHASE_STRIP = NO;
				DEBUG_INFORMATION_FORMAT = dwarf;
				FRAMEWORK_SEARCH_PATHS = (
					"$(inherited)",
					"$(FRAMEWORK_SEARCH_PATHS_QUOTED_1)",
				);
				FRAMEWORK_SEARCH_PATHS_QUOTED_1 = "\"$(SRCROOT)\"";
				GCC_GENERATE_DEBUGGING_SYMBOLS = YES;
				GCC_MODEL_TUNING = G5;
				GCC_PREPROCESSOR_DEFINITIONS_NOT_USED_IN_PRECOMPS = XP_UNIX;
				GCC_TREAT_WARNINGS_AS_ERRORS = YES;
				INFOPLIST_FILE = Resources/Info.plist;
				INSTALL_PATH = "$(HOME)/Library/Bundles";
				PRECOMPS_INCLUDE_HEADERS_FROM_BUILT_PRODUCTS_DIR = NO;
				PRODUCT_NAME = Debug;
				SYMROOT = ../build;
				USER_HEADER_SEARCH_PATHS = "../src/Core ../src/Core/Entities ../src/Core/Materials ../src/Core/Scripting ../src/Cocoa ../deps/Cocoa-deps/js/headers/";
				VERSION = 1.69.2;
				WARNING_CFLAGS = (
					"-Wall",
					"-Wextra",
					"-Wno-unused-parameter",
					"-Wno-missing-field-initializers",
				);
				WRAPPER_EXTENSION = oxp;
			};
			name = TestRelease;
		};
		1DEB913F08733D840010E9CD /* Development */ = {
			isa = XCBuildConfiguration;
			buildSettings = {
				GCC_WARN_ABOUT_RETURN_TYPE = YES;
				GCC_WARN_UNUSED_VARIABLE = YES;
				PREBINDING = NO;
				SDKROOT = /Developer/SDKs/MacOSX10.4u.sdk;
			};
			name = Development;
		};
		1DEB914008733D840010E9CD /* TestRelease */ = {
			isa = XCBuildConfiguration;
			buildSettings = {
				GCC_WARN_ABOUT_RETURN_TYPE = YES;
				GCC_WARN_UNUSED_VARIABLE = YES;
				PREBINDING = NO;
				SDKROOT = /Developer/SDKs/MacOSX10.4u.sdk;
			};
			name = TestRelease;
		};
/* End XCBuildConfiguration section */

/* Begin XCConfigurationList section */
		1DEB913A08733D840010E9CD /* Build configuration list for PBXNativeTarget "DebugOXP" */ = {
			isa = XCConfigurationList;
			buildConfigurations = (
				1DEB913B08733D840010E9CD /* Development */,
				1DEB913C08733D840010E9CD /* TestRelease */,
			);
			defaultConfigurationIsVisible = 0;
			defaultConfigurationName = TestRelease;
		};
		1DEB913E08733D840010E9CD /* Build configuration list for PBXProject "DebugOXP" */ = {
			isa = XCConfigurationList;
			buildConfigurations = (
				1DEB913F08733D840010E9CD /* Development */,
				1DEB914008733D840010E9CD /* TestRelease */,
			);
			defaultConfigurationIsVisible = 0;
			defaultConfigurationName = TestRelease;
		};
/* End XCConfigurationList section */
	};
	rootObject = 089C1669FE841209C02AAC07 /* Project object */;
}
